// !$*UTF8*$!
{
	archiveVersion = 1;
	classes = {
	};
	objectVersion = 46;
	objects = {

/* Begin PBXBuildFile section */
		04F42E671D96E2A8005A483D /* show_arrow_down@2x.png in Resources */ = {isa = PBXBuildFile; fileRef = 04F42E641D96E2A8005A483D /* show_arrow_down@2x.png */; };
		04F42E681D96E2A8005A483D /* show_arrow_left@2x.png in Resources */ = {isa = PBXBuildFile; fileRef = 04F42E651D96E2A8005A483D /* show_arrow_left@2x.png */; };
		04F42E691D96E2A8005A483D /* show_arrow_up@2x.png in Resources */ = {isa = PBXBuildFile; fileRef = 04F42E661D96E2A8005A483D /* show_arrow_up@2x.png */; };
		502A27381D912E3400473F23 /* DNDeck.m in Sources */ = {isa = PBXBuildFile; fileRef = 502A27371D912E3400473F23 /* DNDeck.m */; };
		502A273B1D912F7500473F23 /* DNPlayingCardView.m in Sources */ = {isa = PBXBuildFile; fileRef = 502A273A1D912F7500473F23 /* DNPlayingCardView.m */; };
		502A273E1D91302F00473F23 /* DNGame.m in Sources */ = {isa = PBXBuildFile; fileRef = 502A273D1D91302F00473F23 /* DNGame.m */; };
		5045EB741D961AEA006FF2AD /* hu_10@2x.png in Resources */ = {isa = PBXBuildFile; fileRef = 5045EB601D961AEA006FF2AD /* hu_10@2x.png */; };
		5045EB751D961AEA006FF2AD /* hu_11@2x.png in Resources */ = {isa = PBXBuildFile; fileRef = 5045EB611D961AEA006FF2AD /* hu_11@2x.png */; };
		5045EB761D961AEA006FF2AD /* hu_12@2x.png in Resources */ = {isa = PBXBuildFile; fileRef = 5045EB621D961AEA006FF2AD /* hu_12@2x.png */; };
		5045EB771D961AEA006FF2AD /* hu_13@2x.png in Resources */ = {isa = PBXBuildFile; fileRef = 5045EB631D961AEA006FF2AD /* hu_13@2x.png */; };
		5045EB781D961AEA006FF2AD /* hu_14@2x.png in Resources */ = {isa = PBXBuildFile; fileRef = 5045EB641D961AEA006FF2AD /* hu_14@2x.png */; };
		5045EB791D961AEA006FF2AD /* hu_15@2x.png in Resources */ = {isa = PBXBuildFile; fileRef = 5045EB651D961AEA006FF2AD /* hu_15@2x.png */; };
		5045EB7A1D961AEA006FF2AD /* hu_16@2x.png in Resources */ = {isa = PBXBuildFile; fileRef = 5045EB661D961AEA006FF2AD /* hu_16@2x.png */; };
		5045EB7B1D961AEA006FF2AD /* hu_17@2x.png in Resources */ = {isa = PBXBuildFile; fileRef = 5045EB671D961AEA006FF2AD /* hu_17@2x.png */; };
		5045EB7C1D961AEA006FF2AD /* hu_18@2x.png in Resources */ = {isa = PBXBuildFile; fileRef = 5045EB681D961AEA006FF2AD /* hu_18@2x.png */; };
		5045EB7D1D961AEA006FF2AD /* hu_19@2x.png in Resources */ = {isa = PBXBuildFile; fileRef = 5045EB691D961AEA006FF2AD /* hu_19@2x.png */; };
		5045EB7E1D961AEA006FF2AD /* hu_1@2x.png in Resources */ = {isa = PBXBuildFile; fileRef = 5045EB6A1D961AEA006FF2AD /* hu_1@2x.png */; };
		5045EB7F1D961AEA006FF2AD /* hu_20@2x.png in Resources */ = {isa = PBXBuildFile; fileRef = 5045EB6B1D961AEA006FF2AD /* hu_20@2x.png */; };
		5045EB801D961AEA006FF2AD /* hu_2@2x.png in Resources */ = {isa = PBXBuildFile; fileRef = 5045EB6C1D961AEA006FF2AD /* hu_2@2x.png */; };
		5045EB811D961AEA006FF2AD /* hu_3@2x.png in Resources */ = {isa = PBXBuildFile; fileRef = 5045EB6D1D961AEA006FF2AD /* hu_3@2x.png */; };
		5045EB821D961AEA006FF2AD /* hu_4@2x.png in Resources */ = {isa = PBXBuildFile; fileRef = 5045EB6E1D961AEA006FF2AD /* hu_4@2x.png */; };
		5045EB831D961AEA006FF2AD /* hu_5@2x.png in Resources */ = {isa = PBXBuildFile; fileRef = 5045EB6F1D961AEA006FF2AD /* hu_5@2x.png */; };
		5045EB841D961AEA006FF2AD /* hu_6@2x.png in Resources */ = {isa = PBXBuildFile; fileRef = 5045EB701D961AEA006FF2AD /* hu_6@2x.png */; };
		5045EB851D961AEA006FF2AD /* hu_7@2x.png in Resources */ = {isa = PBXBuildFile; fileRef = 5045EB711D961AEA006FF2AD /* hu_7@2x.png */; };
		5045EB861D961AEA006FF2AD /* hu_8@2x.png in Resources */ = {isa = PBXBuildFile; fileRef = 5045EB721D961AEA006FF2AD /* hu_8@2x.png */; };
		5045EB871D961AEA006FF2AD /* hu_9@2x.png in Resources */ = {isa = PBXBuildFile; fileRef = 5045EB731D961AEA006FF2AD /* hu_9@2x.png */; };
		5045EB951D961BE5006FF2AD /* chi_click@2x.png in Resources */ = {isa = PBXBuildFile; fileRef = 5045EB891D961BE5006FF2AD /* chi_click@2x.png */; };
		5045EB961D961BE5006FF2AD /* chi_disable@2x.png in Resources */ = {isa = PBXBuildFile; fileRef = 5045EB8A1D961BE5006FF2AD /* chi_disable@2x.png */; };
		5045EB971D961BE5006FF2AD /* chi_enable@2x.png in Resources */ = {isa = PBXBuildFile; fileRef = 5045EB8B1D961BE5006FF2AD /* chi_enable@2x.png */; };
		5045EB981D961BE5006FF2AD /* guo_click@2x.png in Resources */ = {isa = PBXBuildFile; fileRef = 5045EB8C1D961BE5006FF2AD /* guo_click@2x.png */; };
		5045EB991D961BE5006FF2AD /* guo_disable@2x.png in Resources */ = {isa = PBXBuildFile; fileRef = 5045EB8D1D961BE5006FF2AD /* guo_disable@2x.png */; };
		5045EB9A1D961BE5006FF2AD /* guo_enable@2x.png in Resources */ = {isa = PBXBuildFile; fileRef = 5045EB8E1D961BE5006FF2AD /* guo_enable@2x.png */; };
		5045EB9B1D961BE5006FF2AD /* hu_click@2x.png in Resources */ = {isa = PBXBuildFile; fileRef = 5045EB8F1D961BE5006FF2AD /* hu_click@2x.png */; };
		5045EB9C1D961BE5006FF2AD /* hu_disable@2x.png in Resources */ = {isa = PBXBuildFile; fileRef = 5045EB901D961BE5006FF2AD /* hu_disable@2x.png */; };
		5045EB9D1D961BE5006FF2AD /* hu_enable@2x.png in Resources */ = {isa = PBXBuildFile; fileRef = 5045EB911D961BE5006FF2AD /* hu_enable@2x.png */; };
		5045EB9E1D961BE5006FF2AD /* peng_click@2x.png in Resources */ = {isa = PBXBuildFile; fileRef = 5045EB921D961BE5006FF2AD /* peng_click@2x.png */; };
		5045EB9F1D961BE5006FF2AD /* peng_disable@2x.png in Resources */ = {isa = PBXBuildFile; fileRef = 5045EB931D961BE5006FF2AD /* peng_disable@2x.png */; };
		5045EBA01D961BE5006FF2AD /* peng_enable@2x.png in Resources */ = {isa = PBXBuildFile; fileRef = 5045EB941D961BE5006FF2AD /* peng_enable@2x.png */; };
		5045EBB41D961D71006FF2AD /* banker@2x.png in Resources */ = {isa = PBXBuildFile; fileRef = 5045EBA21D961D71006FF2AD /* banker@2x.png */; };
		5045EBB51D961D71006FF2AD /* card_bg@2x.png in Resources */ = {isa = PBXBuildFile; fileRef = 5045EBA31D961D71006FF2AD /* card_bg@2x.png */; };
		5045EBB61D961D71006FF2AD /* card_box@2x.png in Resources */ = {isa = PBXBuildFile; fileRef = 5045EBA41D961D71006FF2AD /* card_box@2x.png */; };
		5045EBB71D961D71006FF2AD /* card_green_bg@2x.png in Resources */ = {isa = PBXBuildFile; fileRef = 5045EBA51D961D71006FF2AD /* card_green_bg@2x.png */; };
		5045EBB81D961D71006FF2AD /* card_yellow_bg@2x.png in Resources */ = {isa = PBXBuildFile; fileRef = 5045EBA61D961D71006FF2AD /* card_yellow_bg@2x.png */; };
		5045EBBA1D961D71006FF2AD /* game_bg@2x.png in Resources */ = {isa = PBXBuildFile; fileRef = 5045EBA81D961D71006FF2AD /* game_bg@2x.png */; };
		5045EBBB1D961D71006FF2AD /* leave@2x.png in Resources */ = {isa = PBXBuildFile; fileRef = 5045EBA91D961D71006FF2AD /* leave@2x.png */; };
		5045EBBC1D961D71006FF2AD /* left_click@2x.png in Resources */ = {isa = PBXBuildFile; fileRef = 5045EBAA1D961D71006FF2AD /* left_click@2x.png */; };
		5045EBBD1D961D71006FF2AD /* line@2x.png in Resources */ = {isa = PBXBuildFile; fileRef = 5045EBAB1D961D71006FF2AD /* line@2x.png */; };
		5045EBBE1D961D71006FF2AD /* message@2x.png in Resources */ = {isa = PBXBuildFile; fileRef = 5045EBAC1D961D71006FF2AD /* message@2x.png */; };
		5045EBC01D961D71006FF2AD /* middle_click@2x.png in Resources */ = {isa = PBXBuildFile; fileRef = 5045EBAE1D961D71006FF2AD /* middle_click@2x.png */; };
		5045EBC11D961D71006FF2AD /* rectangle@2x.png in Resources */ = {isa = PBXBuildFile; fileRef = 5045EBAF1D961D71006FF2AD /* rectangle@2x.png */; };
		5045EBC21D961D71006FF2AD /* right_click@2x.png in Resources */ = {isa = PBXBuildFile; fileRef = 5045EBB01D961D71006FF2AD /* right_click@2x.png */; };
		5045EBC31D961D71006FF2AD /* setting@2x.png in Resources */ = {isa = PBXBuildFile; fileRef = 5045EBB11D961D71006FF2AD /* setting@2x.png */; };
		5045EBC41D961D71006FF2AD /* show_arrow@2x.png in Resources */ = {isa = PBXBuildFile; fileRef = 5045EBB21D961D71006FF2AD /* show_arrow@2x.png */; };
		5045EBC51D961D71006FF2AD /* voice@2x.png in Resources */ = {isa = PBXBuildFile; fileRef = 5045EBB31D961D71006FF2AD /* voice@2x.png */; };
		5045EBC91D962435006FF2AD /* DNMenuView.m in Sources */ = {isa = PBXBuildFile; fileRef = 5045EBC81D962435006FF2AD /* DNMenuView.m */; };
		5045EBCB1D9624F4006FF2AD /* DNMenuView.xib in Resources */ = {isa = PBXBuildFile; fileRef = 5045EBCA1D9624F4006FF2AD /* DNMenuView.xib */; };
		5045EBCE1D9631CF006FF2AD /* DNShowActivePlayerView.m in Sources */ = {isa = PBXBuildFile; fileRef = 5045EBCD1D9631CF006FF2AD /* DNShowActivePlayerView.m */; };
		5045EBD01D9631DA006FF2AD /* DNShowActivePlayerView.xib in Resources */ = {isa = PBXBuildFile; fileRef = 5045EBCF1D9631DA006FF2AD /* DNShowActivePlayerView.xib */; };
		5045EBD31D963E1D006FF2AD /* DNHeadView.m in Sources */ = {isa = PBXBuildFile; fileRef = 5045EBD21D963E1D006FF2AD /* DNHeadView.m */; };
		5045EBD51D964AED006FF2AD /* test_header@2x.png in Resources */ = {isa = PBXBuildFile; fileRef = 5045EBD41D964AED006FF2AD /* test_header@2x.png */; };
		5045EBD71D964E52006FF2AD /* bg_face_circle@2x.png in Resources */ = {isa = PBXBuildFile; fileRef = 5045EBD61D964E52006FF2AD /* bg_face_circle@2x.png */; };
		5045EBDA1D96519B006FF2AD /* DNNameView.m in Sources */ = {isa = PBXBuildFile; fileRef = 5045EBD91D96519B006FF2AD /* DNNameView.m */; };
		5045EBDC1D9651A9006FF2AD /* DNNameView.xib in Resources */ = {isa = PBXBuildFile; fileRef = 5045EBDB1D9651A9006FF2AD /* DNNameView.xib */; };
		5045EBF11D967762006FF2AD /* card_large_1@2x.png in Resources */ = {isa = PBXBuildFile; fileRef = 5045EBDD1D967762006FF2AD /* card_large_1@2x.png */; };
		5045EBF21D967762006FF2AD /* card_large_2@2x.png in Resources */ = {isa = PBXBuildFile; fileRef = 5045EBDE1D967762006FF2AD /* card_large_2@2x.png */; };
		5045EBF31D967762006FF2AD /* card_large_3@2x.png in Resources */ = {isa = PBXBuildFile; fileRef = 5045EBDF1D967762006FF2AD /* card_large_3@2x.png */; };
		5045EBF41D967762006FF2AD /* card_large_4@2x.png in Resources */ = {isa = PBXBuildFile; fileRef = 5045EBE01D967762006FF2AD /* card_large_4@2x.png */; };
		5045EBF51D967762006FF2AD /* card_large_5@2x.png in Resources */ = {isa = PBXBuildFile; fileRef = 5045EBE11D967762006FF2AD /* card_large_5@2x.png */; };
		5045EBF61D967762006FF2AD /* card_large_6@2x.png in Resources */ = {isa = PBXBuildFile; fileRef = 5045EBE21D967762006FF2AD /* card_large_6@2x.png */; };
		5045EBF71D967762006FF2AD /* card_large_7@2x.png in Resources */ = {isa = PBXBuildFile; fileRef = 5045EBE31D967762006FF2AD /* card_large_7@2x.png */; };
		5045EBF81D967762006FF2AD /* card_large_8@2x.png in Resources */ = {isa = PBXBuildFile; fileRef = 5045EBE41D967762006FF2AD /* card_large_8@2x.png */; };
		5045EBF91D967762006FF2AD /* card_large_9@2x.png in Resources */ = {isa = PBXBuildFile; fileRef = 5045EBE51D967762006FF2AD /* card_large_9@2x.png */; };
		5045EBFA1D967762006FF2AD /* card_large_10@2x.png in Resources */ = {isa = PBXBuildFile; fileRef = 5045EBE61D967762006FF2AD /* card_large_10@2x.png */; };
		5045EBFB1D967762006FF2AD /* card_little_1@2x.png in Resources */ = {isa = PBXBuildFile; fileRef = 5045EBE71D967762006FF2AD /* card_little_1@2x.png */; };
		5045EBFC1D967762006FF2AD /* card_little_2@2x.png in Resources */ = {isa = PBXBuildFile; fileRef = 5045EBE81D967762006FF2AD /* card_little_2@2x.png */; };
		5045EBFD1D967762006FF2AD /* card_little_3@2x.png in Resources */ = {isa = PBXBuildFile; fileRef = 5045EBE91D967762006FF2AD /* card_little_3@2x.png */; };
		5045EBFE1D967762006FF2AD /* card_little_4@2x.png in Resources */ = {isa = PBXBuildFile; fileRef = 5045EBEA1D967762006FF2AD /* card_little_4@2x.png */; };
		5045EBFF1D967762006FF2AD /* card_little_5@2x.png in Resources */ = {isa = PBXBuildFile; fileRef = 5045EBEB1D967762006FF2AD /* card_little_5@2x.png */; };
		5045EC001D967762006FF2AD /* card_little_6@2x.png in Resources */ = {isa = PBXBuildFile; fileRef = 5045EBEC1D967762006FF2AD /* card_little_6@2x.png */; };
		5045EC011D967762006FF2AD /* card_little_7@2x.png in Resources */ = {isa = PBXBuildFile; fileRef = 5045EBED1D967762006FF2AD /* card_little_7@2x.png */; };
		5045EC021D967762006FF2AD /* card_little_8@2x.png in Resources */ = {isa = PBXBuildFile; fileRef = 5045EBEE1D967762006FF2AD /* card_little_8@2x.png */; };
		5045EC031D967762006FF2AD /* card_little_9@2x.png in Resources */ = {isa = PBXBuildFile; fileRef = 5045EBEF1D967762006FF2AD /* card_little_9@2x.png */; };
		5045EC041D967762006FF2AD /* card_little_10@2x.png in Resources */ = {isa = PBXBuildFile; fileRef = 5045EBF01D967762006FF2AD /* card_little_10@2x.png */; };
		5045EC061D9678C5006FF2AD /* card_backGround@2x.png in Resources */ = {isa = PBXBuildFile; fileRef = 5045EC051D9678C5006FF2AD /* card_backGround@2x.png */; };
		5045EC081D967C9B006FF2AD /* bg_zipai_noshadow@2x.png in Resources */ = {isa = PBXBuildFile; fileRef = 5045EC071D967C9B006FF2AD /* bg_zipai_noshadow@2x.png */; };
		5085BF391D7455FB00ED5BC6 /* main.m in Sources */ = {isa = PBXBuildFile; fileRef = 5085BF381D7455FB00ED5BC6 /* main.m */; };
		5085BF3C1D7455FB00ED5BC6 /* AppDelegate.m in Sources */ = {isa = PBXBuildFile; fileRef = 5085BF3B1D7455FB00ED5BC6 /* AppDelegate.m */; };
		5085BF3F1D7455FB00ED5BC6 /* ViewController.m in Sources */ = {isa = PBXBuildFile; fileRef = 5085BF3E1D7455FB00ED5BC6 /* ViewController.m */; };
		5085BF421D7455FB00ED5BC6 /* Main.storyboard in Resources */ = {isa = PBXBuildFile; fileRef = 5085BF401D7455FB00ED5BC6 /* Main.storyboard */; };
		5085BF441D7455FB00ED5BC6 /* Assets.xcassets in Resources */ = {isa = PBXBuildFile; fileRef = 5085BF431D7455FB00ED5BC6 /* Assets.xcassets */; };
		5085BF471D7455FB00ED5BC6 /* LaunchScreen.storyboard in Resources */ = {isa = PBXBuildFile; fileRef = 5085BF451D7455FB00ED5BC6 /* LaunchScreen.storyboard */; };
		5085BF521D7455FB00ED5BC6 /* LCDouNiuTests.m in Sources */ = {isa = PBXBuildFile; fileRef = 5085BF511D7455FB00ED5BC6 /* LCDouNiuTests.m */; };
		5085BF5D1D7455FB00ED5BC6 /* LCDouNiuUITests.m in Sources */ = {isa = PBXBuildFile; fileRef = 5085BF5C1D7455FB00ED5BC6 /* LCDouNiuUITests.m */; };
		5085BF6E1D74566A00ED5BC6 /* DNPlayingCard.m in Sources */ = {isa = PBXBuildFile; fileRef = 5085BF6D1D74566A00ED5BC6 /* DNPlayingCard.m */; };
		5085BF711D7461B900ED5BC6 /* DNPlayer.m in Sources */ = {isa = PBXBuildFile; fileRef = 5085BF701D7461B900ED5BC6 /* DNPlayer.m */; };
		5085BF741D7461E600ED5BC6 /* DNCardGroup.m in Sources */ = {isa = PBXBuildFile; fileRef = 5085BF731D7461E600ED5BC6 /* DNCardGroup.m */; };
		5098FC201D9260A7007AF211 /* LICENSE in Resources */ = {isa = PBXBuildFile; fileRef = 5098FC041D9260A7007AF211 /* LICENSE */; };
		5098FC211D9260A7007AF211 /* MASCompositeConstraint.m in Sources */ = {isa = PBXBuildFile; fileRef = 5098FC071D9260A7007AF211 /* MASCompositeConstraint.m */; };
		5098FC221D9260A7007AF211 /* MASConstraint.m in Sources */ = {isa = PBXBuildFile; fileRef = 5098FC0A1D9260A7007AF211 /* MASConstraint.m */; };
		5098FC231D9260A7007AF211 /* MASConstraintMaker.m in Sources */ = {isa = PBXBuildFile; fileRef = 5098FC0C1D9260A7007AF211 /* MASConstraintMaker.m */; };
		5098FC241D9260A7007AF211 /* MASLayoutConstraint.m in Sources */ = {isa = PBXBuildFile; fileRef = 5098FC0E1D9260A7007AF211 /* MASLayoutConstraint.m */; };
		5098FC251D9260A7007AF211 /* MASViewAttribute.m in Sources */ = {isa = PBXBuildFile; fileRef = 5098FC121D9260A7007AF211 /* MASViewAttribute.m */; };
		5098FC261D9260A7007AF211 /* MASViewConstraint.m in Sources */ = {isa = PBXBuildFile; fileRef = 5098FC141D9260A7007AF211 /* MASViewConstraint.m */; };
		5098FC271D9260A7007AF211 /* NSArray+MASAdditions.m in Sources */ = {isa = PBXBuildFile; fileRef = 5098FC161D9260A7007AF211 /* NSArray+MASAdditions.m */; };
		5098FC281D9260A7007AF211 /* NSLayoutConstraint+MASDebugAdditions.m in Sources */ = {isa = PBXBuildFile; fileRef = 5098FC191D9260A7007AF211 /* NSLayoutConstraint+MASDebugAdditions.m */; };
		5098FC291D9260A7007AF211 /* View+MASAdditions.m in Sources */ = {isa = PBXBuildFile; fileRef = 5098FC1B1D9260A7007AF211 /* View+MASAdditions.m */; };
		5098FC2A1D9260A7007AF211 /* ViewController+MASAdditions.m in Sources */ = {isa = PBXBuildFile; fileRef = 5098FC1E1D9260A7007AF211 /* ViewController+MASAdditions.m */; };
		5098FC2B1D9260A7007AF211 /* README.md in Sources */ = {isa = PBXBuildFile; fileRef = 5098FC1F1D9260A7007AF211 /* README.md */; };
		50AF1A871D97A1FE00D7C9BE /* icon_action_toast_chi@2x.png in Resources */ = {isa = PBXBuildFile; fileRef = 50AF1A811D97A1FE00D7C9BE /* icon_action_toast_chi@2x.png */; };
		50AF1A881D97A1FE00D7C9BE /* icon_action_toast_kan@2x.png in Resources */ = {isa = PBXBuildFile; fileRef = 50AF1A821D97A1FE00D7C9BE /* icon_action_toast_kan@2x.png */; };
		50AF1A891D97A1FE00D7C9BE /* icon_action_toast_pao@2x.png in Resources */ = {isa = PBXBuildFile; fileRef = 50AF1A831D97A1FE00D7C9BE /* icon_action_toast_pao@2x.png */; };
		50AF1A8A1D97A1FE00D7C9BE /* icon_action_toast_peng@2x.png in Resources */ = {isa = PBXBuildFile; fileRef = 50AF1A841D97A1FE00D7C9BE /* icon_action_toast_peng@2x.png */; };
		50AF1A8B1D97A1FE00D7C9BE /* icon_action_toast_sao@2x.png in Resources */ = {isa = PBXBuildFile; fileRef = 50AF1A851D97A1FE00D7C9BE /* icon_action_toast_sao@2x.png */; };
		50AF1A8C1D97A1FE00D7C9BE /* icon_action_toast_ti@2x.png in Resources */ = {isa = PBXBuildFile; fileRef = 50AF1A861D97A1FE00D7C9BE /* icon_action_toast_ti@2x.png */; };
		50AF1A941D97C64300D7C9BE /* icon_glod@2x.png in Resources */ = {isa = PBXBuildFile; fileRef = 50AF1A931D97C64300D7C9BE /* icon_glod@2x.png */; };
		50AF1A971D97C95400D7C9BE /* DNPortraitLargePlayingCardView.m in Sources */ = {isa = PBXBuildFile; fileRef = 50AF1A961D97C95300D7C9BE /* DNPortraitLargePlayingCardView.m */; };
		50AF1A9A1D97D1DC00D7C9BE /* DNLandScapeLargePlayingCardView.m in Sources */ = {isa = PBXBuildFile; fileRef = 50AF1A991D97D1DC00D7C9BE /* DNLandScapeLargePlayingCardView.m */; };
/* End PBXBuildFile section */

/* Begin PBXContainerItemProxy section */
		5085BF4E1D7455FB00ED5BC6 /* PBXContainerItemProxy */ = {
			isa = PBXContainerItemProxy;
			containerPortal = 5085BF2C1D7455FB00ED5BC6 /* Project object */;
			proxyType = 1;
			remoteGlobalIDString = 5085BF331D7455FB00ED5BC6;
			remoteInfo = LCDouNiu;
		};
		5085BF591D7455FB00ED5BC6 /* PBXContainerItemProxy */ = {
			isa = PBXContainerItemProxy;
			containerPortal = 5085BF2C1D7455FB00ED5BC6 /* Project object */;
			proxyType = 1;
			remoteGlobalIDString = 5085BF331D7455FB00ED5BC6;
			remoteInfo = LCDouNiu;
		};
/* End PBXContainerItemProxy section */

/* Begin PBXFileReference section */
		04F42E641D96E2A8005A483D /* show_arrow_down@2x.png */ = {isa = PBXFileReference; lastKnownFileType = image.png; path = "show_arrow_down@2x.png"; sourceTree = "<group>"; };
		04F42E651D96E2A8005A483D /* show_arrow_left@2x.png */ = {isa = PBXFileReference; lastKnownFileType = image.png; path = "show_arrow_left@2x.png"; sourceTree = "<group>"; };
		04F42E661D96E2A8005A483D /* show_arrow_up@2x.png */ = {isa = PBXFileReference; lastKnownFileType = image.png; path = "show_arrow_up@2x.png"; sourceTree = "<group>"; };
		502A27361D912E3400473F23 /* DNDeck.h */ = {isa = PBXFileReference; fileEncoding = 4; lastKnownFileType = sourcecode.c.h; path = DNDeck.h; sourceTree = "<group>"; };
		502A27371D912E3400473F23 /* DNDeck.m */ = {isa = PBXFileReference; fileEncoding = 4; lastKnownFileType = sourcecode.c.objc; path = DNDeck.m; sourceTree = "<group>"; };
		502A27391D912F7500473F23 /* DNPlayingCardView.h */ = {isa = PBXFileReference; fileEncoding = 4; lastKnownFileType = sourcecode.c.h; path = DNPlayingCardView.h; sourceTree = "<group>"; };
		502A273A1D912F7500473F23 /* DNPlayingCardView.m */ = {isa = PBXFileReference; fileEncoding = 4; lastKnownFileType = sourcecode.c.objc; path = DNPlayingCardView.m; sourceTree = "<group>"; };
		502A273C1D91302F00473F23 /* DNGame.h */ = {isa = PBXFileReference; fileEncoding = 4; lastKnownFileType = sourcecode.c.h; path = DNGame.h; sourceTree = "<group>"; };
		502A273D1D91302F00473F23 /* DNGame.m */ = {isa = PBXFileReference; fileEncoding = 4; lastKnownFileType = sourcecode.c.objc; path = DNGame.m; sourceTree = "<group>"; };
		5045EB601D961AEA006FF2AD /* hu_10@2x.png */ = {isa = PBXFileReference; lastKnownFileType = image.png; path = "hu_10@2x.png"; sourceTree = "<group>"; };
		5045EB611D961AEA006FF2AD /* hu_11@2x.png */ = {isa = PBXFileReference; lastKnownFileType = image.png; path = "hu_11@2x.png"; sourceTree = "<group>"; };
		5045EB621D961AEA006FF2AD /* hu_12@2x.png */ = {isa = PBXFileReference; lastKnownFileType = image.png; path = "hu_12@2x.png"; sourceTree = "<group>"; };
		5045EB631D961AEA006FF2AD /* hu_13@2x.png */ = {isa = PBXFileReference; lastKnownFileType = image.png; path = "hu_13@2x.png"; sourceTree = "<group>"; };
		5045EB641D961AEA006FF2AD /* hu_14@2x.png */ = {isa = PBXFileReference; lastKnownFileType = image.png; path = "hu_14@2x.png"; sourceTree = "<group>"; };
		5045EB651D961AEA006FF2AD /* hu_15@2x.png */ = {isa = PBXFileReference; lastKnownFileType = image.png; path = "hu_15@2x.png"; sourceTree = "<group>"; };
		5045EB661D961AEA006FF2AD /* hu_16@2x.png */ = {isa = PBXFileReference; lastKnownFileType = image.png; path = "hu_16@2x.png"; sourceTree = "<group>"; };
		5045EB671D961AEA006FF2AD /* hu_17@2x.png */ = {isa = PBXFileReference; lastKnownFileType = image.png; path = "hu_17@2x.png"; sourceTree = "<group>"; };
		5045EB681D961AEA006FF2AD /* hu_18@2x.png */ = {isa = PBXFileReference; lastKnownFileType = image.png; path = "hu_18@2x.png"; sourceTree = "<group>"; };
		5045EB691D961AEA006FF2AD /* hu_19@2x.png */ = {isa = PBXFileReference; lastKnownFileType = image.png; path = "hu_19@2x.png"; sourceTree = "<group>"; };
		5045EB6A1D961AEA006FF2AD /* hu_1@2x.png */ = {isa = PBXFileReference; lastKnownFileType = image.png; path = "hu_1@2x.png"; sourceTree = "<group>"; };
		5045EB6B1D961AEA006FF2AD /* hu_20@2x.png */ = {isa = PBXFileReference; lastKnownFileType = image.png; path = "hu_20@2x.png"; sourceTree = "<group>"; };
		5045EB6C1D961AEA006FF2AD /* hu_2@2x.png */ = {isa = PBXFileReference; lastKnownFileType = image.png; path = "hu_2@2x.png"; sourceTree = "<group>"; };
		5045EB6D1D961AEA006FF2AD /* hu_3@2x.png */ = {isa = PBXFileReference; lastKnownFileType = image.png; path = "hu_3@2x.png"; sourceTree = "<group>"; };
		5045EB6E1D961AEA006FF2AD /* hu_4@2x.png */ = {isa = PBXFileReference; lastKnownFileType = image.png; path = "hu_4@2x.png"; sourceTree = "<group>"; };
		5045EB6F1D961AEA006FF2AD /* hu_5@2x.png */ = {isa = PBXFileReference; lastKnownFileType = image.png; path = "hu_5@2x.png"; sourceTree = "<group>"; };
		5045EB701D961AEA006FF2AD /* hu_6@2x.png */ = {isa = PBXFileReference; lastKnownFileType = image.png; path = "hu_6@2x.png"; sourceTree = "<group>"; };
		5045EB711D961AEA006FF2AD /* hu_7@2x.png */ = {isa = PBXFileReference; lastKnownFileType = image.png; path = "hu_7@2x.png"; sourceTree = "<group>"; };
		5045EB721D961AEA006FF2AD /* hu_8@2x.png */ = {isa = PBXFileReference; lastKnownFileType = image.png; path = "hu_8@2x.png"; sourceTree = "<group>"; };
		5045EB731D961AEA006FF2AD /* hu_9@2x.png */ = {isa = PBXFileReference; lastKnownFileType = image.png; path = "hu_9@2x.png"; sourceTree = "<group>"; };
		5045EB891D961BE5006FF2AD /* chi_click@2x.png */ = {isa = PBXFileReference; lastKnownFileType = image.png; path = "chi_click@2x.png"; sourceTree = "<group>"; };
		5045EB8A1D961BE5006FF2AD /* chi_disable@2x.png */ = {isa = PBXFileReference; lastKnownFileType = image.png; path = "chi_disable@2x.png"; sourceTree = "<group>"; };
		5045EB8B1D961BE5006FF2AD /* chi_enable@2x.png */ = {isa = PBXFileReference; lastKnownFileType = image.png; path = "chi_enable@2x.png"; sourceTree = "<group>"; };
		5045EB8C1D961BE5006FF2AD /* guo_click@2x.png */ = {isa = PBXFileReference; lastKnownFileType = image.png; path = "guo_click@2x.png"; sourceTree = "<group>"; };
		5045EB8D1D961BE5006FF2AD /* guo_disable@2x.png */ = {isa = PBXFileReference; lastKnownFileType = image.png; path = "guo_disable@2x.png"; sourceTree = "<group>"; };
		5045EB8E1D961BE5006FF2AD /* guo_enable@2x.png */ = {isa = PBXFileReference; lastKnownFileType = image.png; path = "guo_enable@2x.png"; sourceTree = "<group>"; };
		5045EB8F1D961BE5006FF2AD /* hu_click@2x.png */ = {isa = PBXFileReference; lastKnownFileType = image.png; path = "hu_click@2x.png"; sourceTree = "<group>"; };
		5045EB901D961BE5006FF2AD /* hu_disable@2x.png */ = {isa = PBXFileReference; lastKnownFileType = image.png; path = "hu_disable@2x.png"; sourceTree = "<group>"; };
		5045EB911D961BE5006FF2AD /* hu_enable@2x.png */ = {isa = PBXFileReference; lastKnownFileType = image.png; path = "hu_enable@2x.png"; sourceTree = "<group>"; };
		5045EB921D961BE5006FF2AD /* peng_click@2x.png */ = {isa = PBXFileReference; lastKnownFileType = image.png; path = "peng_click@2x.png"; sourceTree = "<group>"; };
		5045EB931D961BE5006FF2AD /* peng_disable@2x.png */ = {isa = PBXFileReference; lastKnownFileType = image.png; path = "peng_disable@2x.png"; sourceTree = "<group>"; };
		5045EB941D961BE5006FF2AD /* peng_enable@2x.png */ = {isa = PBXFileReference; lastKnownFileType = image.png; path = "peng_enable@2x.png"; sourceTree = "<group>"; };
		5045EBA21D961D71006FF2AD /* banker@2x.png */ = {isa = PBXFileReference; lastKnownFileType = image.png; path = "banker@2x.png"; sourceTree = "<group>"; };
		5045EBA31D961D71006FF2AD /* card_bg@2x.png */ = {isa = PBXFileReference; lastKnownFileType = image.png; path = "card_bg@2x.png"; sourceTree = "<group>"; };
		5045EBA41D961D71006FF2AD /* card_box@2x.png */ = {isa = PBXFileReference; lastKnownFileType = image.png; path = "card_box@2x.png"; sourceTree = "<group>"; };
		5045EBA51D961D71006FF2AD /* card_green_bg@2x.png */ = {isa = PBXFileReference; lastKnownFileType = image.png; path = "card_green_bg@2x.png"; sourceTree = "<group>"; };
		5045EBA61D961D71006FF2AD /* card_yellow_bg@2x.png */ = {isa = PBXFileReference; lastKnownFileType = image.png; path = "card_yellow_bg@2x.png"; sourceTree = "<group>"; };
		5045EBA81D961D71006FF2AD /* game_bg@2x.png */ = {isa = PBXFileReference; lastKnownFileType = image.png; path = "game_bg@2x.png"; sourceTree = "<group>"; };
		5045EBA91D961D71006FF2AD /* leave@2x.png */ = {isa = PBXFileReference; lastKnownFileType = image.png; path = "leave@2x.png"; sourceTree = "<group>"; };
		5045EBAA1D961D71006FF2AD /* left_click@2x.png */ = {isa = PBXFileReference; lastKnownFileType = image.png; path = "left_click@2x.png"; sourceTree = "<group>"; };
		5045EBAB1D961D71006FF2AD /* line@2x.png */ = {isa = PBXFileReference; lastKnownFileType = image.png; path = "line@2x.png"; sourceTree = "<group>"; };
		5045EBAC1D961D71006FF2AD /* message@2x.png */ = {isa = PBXFileReference; lastKnownFileType = image.png; path = "message@2x.png"; sourceTree = "<group>"; };
		5045EBAE1D961D71006FF2AD /* middle_click@2x.png */ = {isa = PBXFileReference; lastKnownFileType = image.png; path = "middle_click@2x.png"; sourceTree = "<group>"; };
		5045EBAF1D961D71006FF2AD /* rectangle@2x.png */ = {isa = PBXFileReference; lastKnownFileType = image.png; path = "rectangle@2x.png"; sourceTree = "<group>"; };
		5045EBB01D961D71006FF2AD /* right_click@2x.png */ = {isa = PBXFileReference; lastKnownFileType = image.png; path = "right_click@2x.png"; sourceTree = "<group>"; };
		5045EBB11D961D71006FF2AD /* setting@2x.png */ = {isa = PBXFileReference; lastKnownFileType = image.png; path = "setting@2x.png"; sourceTree = "<group>"; };
		5045EBB21D961D71006FF2AD /* show_arrow@2x.png */ = {isa = PBXFileReference; lastKnownFileType = image.png; path = "show_arrow@2x.png"; sourceTree = "<group>"; };
		5045EBB31D961D71006FF2AD /* voice@2x.png */ = {isa = PBXFileReference; lastKnownFileType = image.png; path = "voice@2x.png"; sourceTree = "<group>"; };
		5045EBC71D962435006FF2AD /* DNMenuView.h */ = {isa = PBXFileReference; fileEncoding = 4; lastKnownFileType = sourcecode.c.h; path = DNMenuView.h; sourceTree = "<group>"; };
		5045EBC81D962435006FF2AD /* DNMenuView.m */ = {isa = PBXFileReference; fileEncoding = 4; lastKnownFileType = sourcecode.c.objc; path = DNMenuView.m; sourceTree = "<group>"; };
		5045EBCA1D9624F4006FF2AD /* DNMenuView.xib */ = {isa = PBXFileReference; fileEncoding = 4; lastKnownFileType = file.xib; path = DNMenuView.xib; sourceTree = "<group>"; };
		5045EBCC1D9631CF006FF2AD /* DNShowActivePlayerView.h */ = {isa = PBXFileReference; fileEncoding = 4; lastKnownFileType = sourcecode.c.h; path = DNShowActivePlayerView.h; sourceTree = "<group>"; };
		5045EBCD1D9631CF006FF2AD /* DNShowActivePlayerView.m */ = {isa = PBXFileReference; fileEncoding = 4; lastKnownFileType = sourcecode.c.objc; path = DNShowActivePlayerView.m; sourceTree = "<group>"; };
		5045EBCF1D9631DA006FF2AD /* DNShowActivePlayerView.xib */ = {isa = PBXFileReference; fileEncoding = 4; lastKnownFileType = file.xib; path = DNShowActivePlayerView.xib; sourceTree = "<group>"; };
		5045EBD11D963E1D006FF2AD /* DNHeadView.h */ = {isa = PBXFileReference; fileEncoding = 4; lastKnownFileType = sourcecode.c.h; path = DNHeadView.h; sourceTree = "<group>"; };
		5045EBD21D963E1D006FF2AD /* DNHeadView.m */ = {isa = PBXFileReference; fileEncoding = 4; lastKnownFileType = sourcecode.c.objc; path = DNHeadView.m; sourceTree = "<group>"; };
		5045EBD41D964AED006FF2AD /* test_header@2x.png */ = {isa = PBXFileReference; lastKnownFileType = image.png; path = "test_header@2x.png"; sourceTree = "<group>"; };
		5045EBD61D964E52006FF2AD /* bg_face_circle@2x.png */ = {isa = PBXFileReference; lastKnownFileType = image.png; path = "bg_face_circle@2x.png"; sourceTree = "<group>"; };
		5045EBD81D96519B006FF2AD /* DNNameView.h */ = {isa = PBXFileReference; fileEncoding = 4; lastKnownFileType = sourcecode.c.h; path = DNNameView.h; sourceTree = "<group>"; };
		5045EBD91D96519B006FF2AD /* DNNameView.m */ = {isa = PBXFileReference; fileEncoding = 4; lastKnownFileType = sourcecode.c.objc; path = DNNameView.m; sourceTree = "<group>"; };
		5045EBDB1D9651A9006FF2AD /* DNNameView.xib */ = {isa = PBXFileReference; fileEncoding = 4; lastKnownFileType = file.xib; path = DNNameView.xib; sourceTree = "<group>"; };
		5045EBDD1D967762006FF2AD /* card_large_1@2x.png */ = {isa = PBXFileReference; lastKnownFileType = image.png; path = "card_large_1@2x.png"; sourceTree = "<group>"; };
		5045EBDE1D967762006FF2AD /* card_large_2@2x.png */ = {isa = PBXFileReference; lastKnownFileType = image.png; path = "card_large_2@2x.png"; sourceTree = "<group>"; };
		5045EBDF1D967762006FF2AD /* card_large_3@2x.png */ = {isa = PBXFileReference; lastKnownFileType = image.png; path = "card_large_3@2x.png"; sourceTree = "<group>"; };
		5045EBE01D967762006FF2AD /* card_large_4@2x.png */ = {isa = PBXFileReference; lastKnownFileType = image.png; path = "card_large_4@2x.png"; sourceTree = "<group>"; };
		5045EBE11D967762006FF2AD /* card_large_5@2x.png */ = {isa = PBXFileReference; lastKnownFileType = image.png; path = "card_large_5@2x.png"; sourceTree = "<group>"; };
		5045EBE21D967762006FF2AD /* card_large_6@2x.png */ = {isa = PBXFileReference; lastKnownFileType = image.png; path = "card_large_6@2x.png"; sourceTree = "<group>"; };
		5045EBE31D967762006FF2AD /* card_large_7@2x.png */ = {isa = PBXFileReference; lastKnownFileType = image.png; path = "card_large_7@2x.png"; sourceTree = "<group>"; };
		5045EBE41D967762006FF2AD /* card_large_8@2x.png */ = {isa = PBXFileReference; lastKnownFileType = image.png; path = "card_large_8@2x.png"; sourceTree = "<group>"; };
		5045EBE51D967762006FF2AD /* card_large_9@2x.png */ = {isa = PBXFileReference; lastKnownFileType = image.png; path = "card_large_9@2x.png"; sourceTree = "<group>"; };
		5045EBE61D967762006FF2AD /* card_large_10@2x.png */ = {isa = PBXFileReference; lastKnownFileType = image.png; path = "card_large_10@2x.png"; sourceTree = "<group>"; };
		5045EBE71D967762006FF2AD /* card_little_1@2x.png */ = {isa = PBXFileReference; lastKnownFileType = image.png; path = "card_little_1@2x.png"; sourceTree = "<group>"; };
		5045EBE81D967762006FF2AD /* card_little_2@2x.png */ = {isa = PBXFileReference; lastKnownFileType = image.png; path = "card_little_2@2x.png"; sourceTree = "<group>"; };
		5045EBE91D967762006FF2AD /* card_little_3@2x.png */ = {isa = PBXFileReference; lastKnownFileType = image.png; path = "card_little_3@2x.png"; sourceTree = "<group>"; };
		5045EBEA1D967762006FF2AD /* card_little_4@2x.png */ = {isa = PBXFileReference; lastKnownFileType = image.png; path = "card_little_4@2x.png"; sourceTree = "<group>"; };
		5045EBEB1D967762006FF2AD /* card_little_5@2x.png */ = {isa = PBXFileReference; lastKnownFileType = image.png; path = "card_little_5@2x.png"; sourceTree = "<group>"; };
		5045EBEC1D967762006FF2AD /* card_little_6@2x.png */ = {isa = PBXFileReference; lastKnownFileType = image.png; path = "card_little_6@2x.png"; sourceTree = "<group>"; };
		5045EBED1D967762006FF2AD /* card_little_7@2x.png */ = {isa = PBXFileReference; lastKnownFileType = image.png; path = "card_little_7@2x.png"; sourceTree = "<group>"; };
		5045EBEE1D967762006FF2AD /* card_little_8@2x.png */ = {isa = PBXFileReference; lastKnownFileType = image.png; path = "card_little_8@2x.png"; sourceTree = "<group>"; };
		5045EBEF1D967762006FF2AD /* card_little_9@2x.png */ = {isa = PBXFileReference; lastKnownFileType = image.png; path = "card_little_9@2x.png"; sourceTree = "<group>"; };
		5045EBF01D967762006FF2AD /* card_little_10@2x.png */ = {isa = PBXFileReference; lastKnownFileType = image.png; path = "card_little_10@2x.png"; sourceTree = "<group>"; };
		5045EC051D9678C5006FF2AD /* card_backGround@2x.png */ = {isa = PBXFileReference; lastKnownFileType = image.png; path = "card_backGround@2x.png"; sourceTree = "<group>"; };
		5045EC071D967C9B006FF2AD /* bg_zipai_noshadow@2x.png */ = {isa = PBXFileReference; lastKnownFileType = image.png; path = "bg_zipai_noshadow@2x.png"; sourceTree = "<group>"; };
		5085BF341D7455FB00ED5BC6 /* LCDouNiu.app */ = {isa = PBXFileReference; explicitFileType = wrapper.application; includeInIndex = 0; path = LCDouNiu.app; sourceTree = BUILT_PRODUCTS_DIR; };
		5085BF381D7455FB00ED5BC6 /* main.m */ = {isa = PBXFileReference; lastKnownFileType = sourcecode.c.objc; path = main.m; sourceTree = "<group>"; };
		5085BF3A1D7455FB00ED5BC6 /* AppDelegate.h */ = {isa = PBXFileReference; lastKnownFileType = sourcecode.c.h; path = AppDelegate.h; sourceTree = "<group>"; };
		5085BF3B1D7455FB00ED5BC6 /* AppDelegate.m */ = {isa = PBXFileReference; lastKnownFileType = sourcecode.c.objc; path = AppDelegate.m; sourceTree = "<group>"; };
		5085BF3D1D7455FB00ED5BC6 /* ViewController.h */ = {isa = PBXFileReference; lastKnownFileType = sourcecode.c.h; path = ViewController.h; sourceTree = "<group>"; };
		5085BF3E1D7455FB00ED5BC6 /* ViewController.m */ = {isa = PBXFileReference; lastKnownFileType = sourcecode.c.objc; path = ViewController.m; sourceTree = "<group>"; };
		5085BF411D7455FB00ED5BC6 /* Base */ = {isa = PBXFileReference; lastKnownFileType = file.storyboard; name = Base; path = Base.lproj/Main.storyboard; sourceTree = "<group>"; };
		5085BF431D7455FB00ED5BC6 /* Assets.xcassets */ = {isa = PBXFileReference; lastKnownFileType = folder.assetcatalog; path = Assets.xcassets; sourceTree = "<group>"; };
		5085BF461D7455FB00ED5BC6 /* Base */ = {isa = PBXFileReference; lastKnownFileType = file.storyboard; name = Base; path = Base.lproj/LaunchScreen.storyboard; sourceTree = "<group>"; };
		5085BF481D7455FB00ED5BC6 /* Info.plist */ = {isa = PBXFileReference; lastKnownFileType = text.plist.xml; path = Info.plist; sourceTree = "<group>"; };
		5085BF4D1D7455FB00ED5BC6 /* LCDouNiuTests.xctest */ = {isa = PBXFileReference; explicitFileType = wrapper.cfbundle; includeInIndex = 0; path = LCDouNiuTests.xctest; sourceTree = BUILT_PRODUCTS_DIR; };
		5085BF511D7455FB00ED5BC6 /* LCDouNiuTests.m */ = {isa = PBXFileReference; lastKnownFileType = sourcecode.c.objc; path = LCDouNiuTests.m; sourceTree = "<group>"; };
		5085BF531D7455FB00ED5BC6 /* Info.plist */ = {isa = PBXFileReference; lastKnownFileType = text.plist.xml; path = Info.plist; sourceTree = "<group>"; };
		5085BF581D7455FB00ED5BC6 /* LCDouNiuUITests.xctest */ = {isa = PBXFileReference; explicitFileType = wrapper.cfbundle; includeInIndex = 0; path = LCDouNiuUITests.xctest; sourceTree = BUILT_PRODUCTS_DIR; };
		5085BF5C1D7455FB00ED5BC6 /* LCDouNiuUITests.m */ = {isa = PBXFileReference; lastKnownFileType = sourcecode.c.objc; path = LCDouNiuUITests.m; sourceTree = "<group>"; };
		5085BF5E1D7455FB00ED5BC6 /* Info.plist */ = {isa = PBXFileReference; lastKnownFileType = text.plist.xml; path = Info.plist; sourceTree = "<group>"; };
		5085BF6C1D74566A00ED5BC6 /* DNPlayingCard.h */ = {isa = PBXFileReference; fileEncoding = 4; lastKnownFileType = sourcecode.c.h; path = DNPlayingCard.h; sourceTree = "<group>"; };
		5085BF6D1D74566A00ED5BC6 /* DNPlayingCard.m */ = {isa = PBXFileReference; fileEncoding = 4; lastKnownFileType = sourcecode.c.objc; path = DNPlayingCard.m; sourceTree = "<group>"; };
		5085BF6F1D7461B900ED5BC6 /* DNPlayer.h */ = {isa = PBXFileReference; fileEncoding = 4; lastKnownFileType = sourcecode.c.h; path = DNPlayer.h; sourceTree = "<group>"; };
		5085BF701D7461B900ED5BC6 /* DNPlayer.m */ = {isa = PBXFileReference; fileEncoding = 4; lastKnownFileType = sourcecode.c.objc; path = DNPlayer.m; sourceTree = "<group>"; };
		5085BF721D7461E600ED5BC6 /* DNCardGroup.h */ = {isa = PBXFileReference; fileEncoding = 4; lastKnownFileType = sourcecode.c.h; path = DNCardGroup.h; sourceTree = "<group>"; };
		5085BF731D7461E600ED5BC6 /* DNCardGroup.m */ = {isa = PBXFileReference; fileEncoding = 4; lastKnownFileType = sourcecode.c.objc; path = DNCardGroup.m; sourceTree = "<group>"; };
		5098FC041D9260A7007AF211 /* LICENSE */ = {isa = PBXFileReference; fileEncoding = 4; lastKnownFileType = text; path = LICENSE; sourceTree = "<group>"; };
		5098FC061D9260A7007AF211 /* MASCompositeConstraint.h */ = {isa = PBXFileReference; fileEncoding = 4; lastKnownFileType = sourcecode.c.h; path = MASCompositeConstraint.h; sourceTree = "<group>"; };
		5098FC071D9260A7007AF211 /* MASCompositeConstraint.m */ = {isa = PBXFileReference; fileEncoding = 4; lastKnownFileType = sourcecode.c.objc; path = MASCompositeConstraint.m; sourceTree = "<group>"; };
		5098FC081D9260A7007AF211 /* MASConstraint+Private.h */ = {isa = PBXFileReference; fileEncoding = 4; lastKnownFileType = sourcecode.c.h; path = "MASConstraint+Private.h"; sourceTree = "<group>"; };
		5098FC091D9260A7007AF211 /* MASConstraint.h */ = {isa = PBXFileReference; fileEncoding = 4; lastKnownFileType = sourcecode.c.h; path = MASConstraint.h; sourceTree = "<group>"; };
		5098FC0A1D9260A7007AF211 /* MASConstraint.m */ = {isa = PBXFileReference; fileEncoding = 4; lastKnownFileType = sourcecode.c.objc; path = MASConstraint.m; sourceTree = "<group>"; };
		5098FC0B1D9260A7007AF211 /* MASConstraintMaker.h */ = {isa = PBXFileReference; fileEncoding = 4; lastKnownFileType = sourcecode.c.h; path = MASConstraintMaker.h; sourceTree = "<group>"; };
		5098FC0C1D9260A7007AF211 /* MASConstraintMaker.m */ = {isa = PBXFileReference; fileEncoding = 4; lastKnownFileType = sourcecode.c.objc; path = MASConstraintMaker.m; sourceTree = "<group>"; };
		5098FC0D1D9260A7007AF211 /* MASLayoutConstraint.h */ = {isa = PBXFileReference; fileEncoding = 4; lastKnownFileType = sourcecode.c.h; path = MASLayoutConstraint.h; sourceTree = "<group>"; };
		5098FC0E1D9260A7007AF211 /* MASLayoutConstraint.m */ = {isa = PBXFileReference; fileEncoding = 4; lastKnownFileType = sourcecode.c.objc; path = MASLayoutConstraint.m; sourceTree = "<group>"; };
		5098FC0F1D9260A7007AF211 /* Masonry.h */ = {isa = PBXFileReference; fileEncoding = 4; lastKnownFileType = sourcecode.c.h; path = Masonry.h; sourceTree = "<group>"; };
		5098FC101D9260A7007AF211 /* MASUtilities.h */ = {isa = PBXFileReference; fileEncoding = 4; lastKnownFileType = sourcecode.c.h; path = MASUtilities.h; sourceTree = "<group>"; };
		5098FC111D9260A7007AF211 /* MASViewAttribute.h */ = {isa = PBXFileReference; fileEncoding = 4; lastKnownFileType = sourcecode.c.h; path = MASViewAttribute.h; sourceTree = "<group>"; };
		5098FC121D9260A7007AF211 /* MASViewAttribute.m */ = {isa = PBXFileReference; fileEncoding = 4; lastKnownFileType = sourcecode.c.objc; path = MASViewAttribute.m; sourceTree = "<group>"; };
		5098FC131D9260A7007AF211 /* MASViewConstraint.h */ = {isa = PBXFileReference; fileEncoding = 4; lastKnownFileType = sourcecode.c.h; path = MASViewConstraint.h; sourceTree = "<group>"; };
		5098FC141D9260A7007AF211 /* MASViewConstraint.m */ = {isa = PBXFileReference; fileEncoding = 4; lastKnownFileType = sourcecode.c.objc; path = MASViewConstraint.m; sourceTree = "<group>"; };
		5098FC151D9260A7007AF211 /* NSArray+MASAdditions.h */ = {isa = PBXFileReference; fileEncoding = 4; lastKnownFileType = sourcecode.c.h; path = "NSArray+MASAdditions.h"; sourceTree = "<group>"; };
		5098FC161D9260A7007AF211 /* NSArray+MASAdditions.m */ = {isa = PBXFileReference; fileEncoding = 4; lastKnownFileType = sourcecode.c.objc; path = "NSArray+MASAdditions.m"; sourceTree = "<group>"; };
		5098FC171D9260A7007AF211 /* NSArray+MASShorthandAdditions.h */ = {isa = PBXFileReference; fileEncoding = 4; lastKnownFileType = sourcecode.c.h; path = "NSArray+MASShorthandAdditions.h"; sourceTree = "<group>"; };
		5098FC181D9260A7007AF211 /* NSLayoutConstraint+MASDebugAdditions.h */ = {isa = PBXFileReference; fileEncoding = 4; lastKnownFileType = sourcecode.c.h; path = "NSLayoutConstraint+MASDebugAdditions.h"; sourceTree = "<group>"; };
		5098FC191D9260A7007AF211 /* NSLayoutConstraint+MASDebugAdditions.m */ = {isa = PBXFileReference; fileEncoding = 4; lastKnownFileType = sourcecode.c.objc; path = "NSLayoutConstraint+MASDebugAdditions.m"; sourceTree = "<group>"; };
		5098FC1A1D9260A7007AF211 /* View+MASAdditions.h */ = {isa = PBXFileReference; fileEncoding = 4; lastKnownFileType = sourcecode.c.h; path = "View+MASAdditions.h"; sourceTree = "<group>"; };
		5098FC1B1D9260A7007AF211 /* View+MASAdditions.m */ = {isa = PBXFileReference; fileEncoding = 4; lastKnownFileType = sourcecode.c.objc; path = "View+MASAdditions.m"; sourceTree = "<group>"; };
		5098FC1C1D9260A7007AF211 /* View+MASShorthandAdditions.h */ = {isa = PBXFileReference; fileEncoding = 4; lastKnownFileType = sourcecode.c.h; path = "View+MASShorthandAdditions.h"; sourceTree = "<group>"; };
		5098FC1D1D9260A7007AF211 /* ViewController+MASAdditions.h */ = {isa = PBXFileReference; fileEncoding = 4; lastKnownFileType = sourcecode.c.h; path = "ViewController+MASAdditions.h"; sourceTree = "<group>"; };
		5098FC1E1D9260A7007AF211 /* ViewController+MASAdditions.m */ = {isa = PBXFileReference; fileEncoding = 4; lastKnownFileType = sourcecode.c.objc; path = "ViewController+MASAdditions.m"; sourceTree = "<group>"; };
		5098FC1F1D9260A7007AF211 /* README.md */ = {isa = PBXFileReference; fileEncoding = 4; lastKnownFileType = net.daringfireball.markdown; path = README.md; sourceTree = "<group>"; };
		5098FC7D1D92A48D007AF211 /* DNMacro.h */ = {isa = PBXFileReference; lastKnownFileType = sourcecode.c.h; path = DNMacro.h; sourceTree = "<group>"; };
		50AF1A811D97A1FE00D7C9BE /* icon_action_toast_chi@2x.png */ = {isa = PBXFileReference; lastKnownFileType = image.png; path = "icon_action_toast_chi@2x.png"; sourceTree = "<group>"; };
		50AF1A821D97A1FE00D7C9BE /* icon_action_toast_kan@2x.png */ = {isa = PBXFileReference; lastKnownFileType = image.png; path = "icon_action_toast_kan@2x.png"; sourceTree = "<group>"; };
		50AF1A831D97A1FE00D7C9BE /* icon_action_toast_pao@2x.png */ = {isa = PBXFileReference; lastKnownFileType = image.png; path = "icon_action_toast_pao@2x.png"; sourceTree = "<group>"; };
		50AF1A841D97A1FE00D7C9BE /* icon_action_toast_peng@2x.png */ = {isa = PBXFileReference; lastKnownFileType = image.png; path = "icon_action_toast_peng@2x.png"; sourceTree = "<group>"; };
		50AF1A851D97A1FE00D7C9BE /* icon_action_toast_sao@2x.png */ = {isa = PBXFileReference; lastKnownFileType = image.png; path = "icon_action_toast_sao@2x.png"; sourceTree = "<group>"; };
		50AF1A861D97A1FE00D7C9BE /* icon_action_toast_ti@2x.png */ = {isa = PBXFileReference; lastKnownFileType = image.png; path = "icon_action_toast_ti@2x.png"; sourceTree = "<group>"; };
		50AF1A931D97C64300D7C9BE /* icon_glod@2x.png */ = {isa = PBXFileReference; lastKnownFileType = image.png; path = "icon_glod@2x.png"; sourceTree = "<group>"; };
		50AF1A951D97C95300D7C9BE /* DNPortraitLargePlayingCardView.h */ = {isa = PBXFileReference; fileEncoding = 4; lastKnownFileType = sourcecode.c.h; path = DNPortraitLargePlayingCardView.h; sourceTree = "<group>"; };
		50AF1A961D97C95300D7C9BE /* DNPortraitLargePlayingCardView.m */ = {isa = PBXFileReference; fileEncoding = 4; lastKnownFileType = sourcecode.c.objc; path = DNPortraitLargePlayingCardView.m; sourceTree = "<group>"; };
		50AF1A981D97D1DC00D7C9BE /* DNLandScapeLargePlayingCardView.h */ = {isa = PBXFileReference; fileEncoding = 4; lastKnownFileType = sourcecode.c.h; path = DNLandScapeLargePlayingCardView.h; sourceTree = "<group>"; };
		50AF1A991D97D1DC00D7C9BE /* DNLandScapeLargePlayingCardView.m */ = {isa = PBXFileReference; fileEncoding = 4; lastKnownFileType = sourcecode.c.objc; path = DNLandScapeLargePlayingCardView.m; sourceTree = "<group>"; };
/* End PBXFileReference section */

/* Begin PBXFrameworksBuildPhase section */
		5085BF311D7455FB00ED5BC6 /* Frameworks */ = {
			isa = PBXFrameworksBuildPhase;
			buildActionMask = 2147483647;
			files = (
			);
			runOnlyForDeploymentPostprocessing = 0;
		};
		5085BF4A1D7455FB00ED5BC6 /* Frameworks */ = {
			isa = PBXFrameworksBuildPhase;
			buildActionMask = 2147483647;
			files = (
			);
			runOnlyForDeploymentPostprocessing = 0;
		};
		5085BF551D7455FB00ED5BC6 /* Frameworks */ = {
			isa = PBXFrameworksBuildPhase;
			buildActionMask = 2147483647;
			files = (
			);
			runOnlyForDeploymentPostprocessing = 0;
		};
/* End PBXFrameworksBuildPhase section */

/* Begin PBXGroup section */
		5045EB0E1D961ABD006FF2AD /* card */ = {
			isa = PBXGroup;
			children = (
				5045EBDD1D967762006FF2AD /* card_large_1@2x.png */,
				5045EBDE1D967762006FF2AD /* card_large_2@2x.png */,
				5045EBDF1D967762006FF2AD /* card_large_3@2x.png */,
				5045EBE01D967762006FF2AD /* card_large_4@2x.png */,
				5045EBE11D967762006FF2AD /* card_large_5@2x.png */,
				5045EBE21D967762006FF2AD /* card_large_6@2x.png */,
				5045EBE31D967762006FF2AD /* card_large_7@2x.png */,
				5045EBE41D967762006FF2AD /* card_large_8@2x.png */,
				5045EBE51D967762006FF2AD /* card_large_9@2x.png */,
				5045EBE61D967762006FF2AD /* card_large_10@2x.png */,
				5045EBE71D967762006FF2AD /* card_little_1@2x.png */,
				5045EBE81D967762006FF2AD /* card_little_2@2x.png */,
				5045EBE91D967762006FF2AD /* card_little_3@2x.png */,
				5045EBEA1D967762006FF2AD /* card_little_4@2x.png */,
				5045EBEB1D967762006FF2AD /* card_little_5@2x.png */,
				5045EBEC1D967762006FF2AD /* card_little_6@2x.png */,
				5045EBED1D967762006FF2AD /* card_little_7@2x.png */,
				5045EBEE1D967762006FF2AD /* card_little_8@2x.png */,
				5045EBEF1D967762006FF2AD /* card_little_9@2x.png */,
				5045EBF01D967762006FF2AD /* card_little_10@2x.png */,
			);
			path = card;
			sourceTree = "<group>";
		};
		5045EB5F1D961AEA006FF2AD /* hu */ = {
			isa = PBXGroup;
			children = (
				5045EB601D961AEA006FF2AD /* hu_10@2x.png */,
				5045EB611D961AEA006FF2AD /* hu_11@2x.png */,
				5045EB621D961AEA006FF2AD /* hu_12@2x.png */,
				5045EB631D961AEA006FF2AD /* hu_13@2x.png */,
				5045EB641D961AEA006FF2AD /* hu_14@2x.png */,
				5045EB651D961AEA006FF2AD /* hu_15@2x.png */,
				5045EB661D961AEA006FF2AD /* hu_16@2x.png */,
				5045EB671D961AEA006FF2AD /* hu_17@2x.png */,
				5045EB681D961AEA006FF2AD /* hu_18@2x.png */,
				5045EB691D961AEA006FF2AD /* hu_19@2x.png */,
				5045EB6A1D961AEA006FF2AD /* hu_1@2x.png */,
				5045EB6B1D961AEA006FF2AD /* hu_20@2x.png */,
				5045EB6C1D961AEA006FF2AD /* hu_2@2x.png */,
				5045EB6D1D961AEA006FF2AD /* hu_3@2x.png */,
				5045EB6E1D961AEA006FF2AD /* hu_4@2x.png */,
				5045EB6F1D961AEA006FF2AD /* hu_5@2x.png */,
				5045EB701D961AEA006FF2AD /* hu_6@2x.png */,
				5045EB711D961AEA006FF2AD /* hu_7@2x.png */,
				5045EB721D961AEA006FF2AD /* hu_8@2x.png */,
				5045EB731D961AEA006FF2AD /* hu_9@2x.png */,
			);
			path = hu;
			sourceTree = "<group>";
		};
		5045EB881D961BE5006FF2AD /* menu */ = {
			isa = PBXGroup;
			children = (
				5045EB891D961BE5006FF2AD /* chi_click@2x.png */,
				5045EB8A1D961BE5006FF2AD /* chi_disable@2x.png */,
				5045EB8B1D961BE5006FF2AD /* chi_enable@2x.png */,
				5045EB8C1D961BE5006FF2AD /* guo_click@2x.png */,
				5045EB8D1D961BE5006FF2AD /* guo_disable@2x.png */,
				5045EB8E1D961BE5006FF2AD /* guo_enable@2x.png */,
				5045EB8F1D961BE5006FF2AD /* hu_click@2x.png */,
				5045EB901D961BE5006FF2AD /* hu_disable@2x.png */,
				5045EB911D961BE5006FF2AD /* hu_enable@2x.png */,
				5045EB921D961BE5006FF2AD /* peng_click@2x.png */,
				5045EB931D961BE5006FF2AD /* peng_disable@2x.png */,
				5045EB941D961BE5006FF2AD /* peng_enable@2x.png */,
			);
			path = menu;
			sourceTree = "<group>";
		};
		5045EBA11D961D71006FF2AD /* others */ = {
			isa = PBXGroup;
			children = (
				5045EBD61D964E52006FF2AD /* bg_face_circle@2x.png */,
				50AF1A931D97C64300D7C9BE /* icon_glod@2x.png */,
				5045EC051D9678C5006FF2AD /* card_backGround@2x.png */,
				04F42E641D96E2A8005A483D /* show_arrow_down@2x.png */,
				04F42E651D96E2A8005A483D /* show_arrow_left@2x.png */,
				04F42E661D96E2A8005A483D /* show_arrow_up@2x.png */,
				5045EC071D967C9B006FF2AD /* bg_zipai_noshadow@2x.png */,
				5045EBA21D961D71006FF2AD /* banker@2x.png */,
				5045EBD41D964AED006FF2AD /* test_header@2x.png */,
				5045EBA31D961D71006FF2AD /* card_bg@2x.png */,
				5045EBA41D961D71006FF2AD /* card_box@2x.png */,
				5045EBA51D961D71006FF2AD /* card_green_bg@2x.png */,
				5045EBA61D961D71006FF2AD /* card_yellow_bg@2x.png */,
				5045EBA81D961D71006FF2AD /* game_bg@2x.png */,
				5045EBA91D961D71006FF2AD /* leave@2x.png */,
				5045EBAA1D961D71006FF2AD /* left_click@2x.png */,
				5045EBAB1D961D71006FF2AD /* line@2x.png */,
				5045EBAC1D961D71006FF2AD /* message@2x.png */,
				5045EBAE1D961D71006FF2AD /* middle_click@2x.png */,
				5045EBAF1D961D71006FF2AD /* rectangle@2x.png */,
				5045EBB01D961D71006FF2AD /* right_click@2x.png */,
				5045EBB11D961D71006FF2AD /* setting@2x.png */,
				5045EBB21D961D71006FF2AD /* show_arrow@2x.png */,
				5045EBB31D961D71006FF2AD /* voice@2x.png */,
			);
			path = others;
			sourceTree = "<group>";
		};
		5045EBC61D9623EC006FF2AD /* View */ = {
			isa = PBXGroup;
			children = (
				5045EBC71D962435006FF2AD /* DNMenuView.h */,
				5045EBC81D962435006FF2AD /* DNMenuView.m */,
				5045EBCA1D9624F4006FF2AD /* DNMenuView.xib */,
				5045EBCC1D9631CF006FF2AD /* DNShowActivePlayerView.h */,
				5045EBCD1D9631CF006FF2AD /* DNShowActivePlayerView.m */,
				5045EBCF1D9631DA006FF2AD /* DNShowActivePlayerView.xib */,
				5045EBD11D963E1D006FF2AD /* DNHeadView.h */,
				5045EBD21D963E1D006FF2AD /* DNHeadView.m */,
				5045EBD81D96519B006FF2AD /* DNNameView.h */,
				5045EBD91D96519B006FF2AD /* DNNameView.m */,
				5045EBDB1D9651A9006FF2AD /* DNNameView.xib */,
			);
			path = View;
			sourceTree = "<group>";
		};
		5085BF2B1D7455FB00ED5BC6 = {
			isa = PBXGroup;
			children = (
				5085BF361D7455FB00ED5BC6 /* LCDouNiu */,
				5098FC2C1D926720007AF211 /* Resource */,
				5098FC021D9260A7007AF211 /* ThirdParty */,
				5085BF501D7455FB00ED5BC6 /* LCDouNiuTests */,
				5085BF5B1D7455FB00ED5BC6 /* LCDouNiuUITests */,
				5085BF351D7455FB00ED5BC6 /* Products */,
			);
			sourceTree = "<group>";
		};
		5085BF351D7455FB00ED5BC6 /* Products */ = {
			isa = PBXGroup;
			children = (
				5085BF341D7455FB00ED5BC6 /* LCDouNiu.app */,
				5085BF4D1D7455FB00ED5BC6 /* LCDouNiuTests.xctest */,
				5085BF581D7455FB00ED5BC6 /* LCDouNiuUITests.xctest */,
			);
			name = Products;
			sourceTree = "<group>";
		};
		5085BF361D7455FB00ED5BC6 /* LCDouNiu */ = {
			isa = PBXGroup;
			children = (
				5085BF3A1D7455FB00ED5BC6 /* AppDelegate.h */,
				5085BF3B1D7455FB00ED5BC6 /* AppDelegate.m */,
				5085BF3D1D7455FB00ED5BC6 /* ViewController.h */,
				5085BF3E1D7455FB00ED5BC6 /* ViewController.m */,
				5045EBC61D9623EC006FF2AD /* View */,
				5085BF6A1D74561F00ED5BC6 /* Card */,
				5085BF6B1D74561F00ED5BC6 /* Model */,
				5085BF371D7455FB00ED5BC6 /* Supporting Files */,
			);
			path = LCDouNiu;
			sourceTree = "<group>";
		};
		5085BF371D7455FB00ED5BC6 /* Supporting Files */ = {
			isa = PBXGroup;
			children = (
				5085BF401D7455FB00ED5BC6 /* Main.storyboard */,
				5085BF431D7455FB00ED5BC6 /* Assets.xcassets */,
				5085BF451D7455FB00ED5BC6 /* LaunchScreen.storyboard */,
				5085BF481D7455FB00ED5BC6 /* Info.plist */,
				5085BF381D7455FB00ED5BC6 /* main.m */,
				5098FC7D1D92A48D007AF211 /* DNMacro.h */,
			);
			name = "Supporting Files";
			sourceTree = "<group>";
		};
		5085BF501D7455FB00ED5BC6 /* LCDouNiuTests */ = {
			isa = PBXGroup;
			children = (
				5085BF511D7455FB00ED5BC6 /* LCDouNiuTests.m */,
				5085BF531D7455FB00ED5BC6 /* Info.plist */,
			);
			path = LCDouNiuTests;
			sourceTree = "<group>";
		};
		5085BF5B1D7455FB00ED5BC6 /* LCDouNiuUITests */ = {
			isa = PBXGroup;
			children = (
				5085BF5C1D7455FB00ED5BC6 /* LCDouNiuUITests.m */,
				5085BF5E1D7455FB00ED5BC6 /* Info.plist */,
			);
			path = LCDouNiuUITests;
			sourceTree = "<group>";
		};
		5085BF6A1D74561F00ED5BC6 /* Card */ = {
			isa = PBXGroup;
			children = (
				5085BF6C1D74566A00ED5BC6 /* DNPlayingCard.h */,
				5085BF6D1D74566A00ED5BC6 /* DNPlayingCard.m */,
				5085BF721D7461E600ED5BC6 /* DNCardGroup.h */,
				5085BF731D7461E600ED5BC6 /* DNCardGroup.m */,
				502A27361D912E3400473F23 /* DNDeck.h */,
				502A27371D912E3400473F23 /* DNDeck.m */,
				502A27391D912F7500473F23 /* DNPlayingCardView.h */,
				502A273A1D912F7500473F23 /* DNPlayingCardView.m */,
				50AF1A951D97C95300D7C9BE /* DNPortraitLargePlayingCardView.h */,
				50AF1A961D97C95300D7C9BE /* DNPortraitLargePlayingCardView.m */,
				50AF1A981D97D1DC00D7C9BE /* DNLandScapeLargePlayingCardView.h */,
				50AF1A991D97D1DC00D7C9BE /* DNLandScapeLargePlayingCardView.m */,
			);
			path = Card;
			sourceTree = "<group>";
		};
		5085BF6B1D74561F00ED5BC6 /* Model */ = {
			isa = PBXGroup;
			children = (
				5085BF6F1D7461B900ED5BC6 /* DNPlayer.h */,
				5085BF701D7461B900ED5BC6 /* DNPlayer.m */,
				502A273C1D91302F00473F23 /* DNGame.h */,
				502A273D1D91302F00473F23 /* DNGame.m */,
			);
			path = Model;
			sourceTree = "<group>";
		};
		5098FC021D9260A7007AF211 /* ThirdParty */ = {
			isa = PBXGroup;
			children = (
				5098FC031D9260A7007AF211 /* Masonry */,
			);
			name = ThirdParty;
			path = LCDouNiu/ThirdParty;
			sourceTree = "<group>";
		};
		5098FC031D9260A7007AF211 /* Masonry */ = {
			isa = PBXGroup;
			children = (
				5098FC041D9260A7007AF211 /* LICENSE */,
				5098FC051D9260A7007AF211 /* Masonry */,
				5098FC1F1D9260A7007AF211 /* README.md */,
			);
			path = Masonry;
			sourceTree = "<group>";
		};
		5098FC051D9260A7007AF211 /* Masonry */ = {
			isa = PBXGroup;
			children = (
				5098FC061D9260A7007AF211 /* MASCompositeConstraint.h */,
				5098FC071D9260A7007AF211 /* MASCompositeConstraint.m */,
				5098FC081D9260A7007AF211 /* MASConstraint+Private.h */,
				5098FC091D9260A7007AF211 /* MASConstraint.h */,
				5098FC0A1D9260A7007AF211 /* MASConstraint.m */,
				5098FC0B1D9260A7007AF211 /* MASConstraintMaker.h */,
				5098FC0C1D9260A7007AF211 /* MASConstraintMaker.m */,
				5098FC0D1D9260A7007AF211 /* MASLayoutConstraint.h */,
				5098FC0E1D9260A7007AF211 /* MASLayoutConstraint.m */,
				5098FC0F1D9260A7007AF211 /* Masonry.h */,
				5098FC101D9260A7007AF211 /* MASUtilities.h */,
				5098FC111D9260A7007AF211 /* MASViewAttribute.h */,
				5098FC121D9260A7007AF211 /* MASViewAttribute.m */,
				5098FC131D9260A7007AF211 /* MASViewConstraint.h */,
				5098FC141D9260A7007AF211 /* MASViewConstraint.m */,
				5098FC151D9260A7007AF211 /* NSArray+MASAdditions.h */,
				5098FC161D9260A7007AF211 /* NSArray+MASAdditions.m */,
				5098FC171D9260A7007AF211 /* NSArray+MASShorthandAdditions.h */,
				5098FC181D9260A7007AF211 /* NSLayoutConstraint+MASDebugAdditions.h */,
				5098FC191D9260A7007AF211 /* NSLayoutConstraint+MASDebugAdditions.m */,
				5098FC1A1D9260A7007AF211 /* View+MASAdditions.h */,
				5098FC1B1D9260A7007AF211 /* View+MASAdditions.m */,
				5098FC1C1D9260A7007AF211 /* View+MASShorthandAdditions.h */,
				5098FC1D1D9260A7007AF211 /* ViewController+MASAdditions.h */,
				5098FC1E1D9260A7007AF211 /* ViewController+MASAdditions.m */,
			);
			path = Masonry;
			sourceTree = "<group>";
		};
		5098FC2C1D926720007AF211 /* Resource */ = {
			isa = PBXGroup;
			children = (
				50AF1A801D97A1FE00D7C9BE /* animation */,
				5045EBA11D961D71006FF2AD /* others */,
				5045EB881D961BE5006FF2AD /* menu */,
				5045EB5F1D961AEA006FF2AD /* hu */,
				5045EB0E1D961ABD006FF2AD /* card */,
			);
			name = Resource;
			path = LCDouNiu/Resource;
			sourceTree = "<group>";
		};
		50AF1A801D97A1FE00D7C9BE /* animation */ = {
			isa = PBXGroup;
			children = (
				50AF1A811D97A1FE00D7C9BE /* icon_action_toast_chi@2x.png */,
				50AF1A821D97A1FE00D7C9BE /* icon_action_toast_kan@2x.png */,
				50AF1A831D97A1FE00D7C9BE /* icon_action_toast_pao@2x.png */,
				50AF1A841D97A1FE00D7C9BE /* icon_action_toast_peng@2x.png */,
				50AF1A851D97A1FE00D7C9BE /* icon_action_toast_sao@2x.png */,
				50AF1A861D97A1FE00D7C9BE /* icon_action_toast_ti@2x.png */,
			);
			path = animation;
			sourceTree = "<group>";
		};
/* End PBXGroup section */

/* Begin PBXNativeTarget section */
		5085BF331D7455FB00ED5BC6 /* LCDouNiu */ = {
			isa = PBXNativeTarget;
			buildConfigurationList = 5085BF611D7455FB00ED5BC6 /* Build configuration list for PBXNativeTarget "LCDouNiu" */;
			buildPhases = (
				5085BF301D7455FB00ED5BC6 /* Sources */,
				5085BF311D7455FB00ED5BC6 /* Frameworks */,
				5085BF321D7455FB00ED5BC6 /* Resources */,
			);
			buildRules = (
			);
			dependencies = (
			);
			name = LCDouNiu;
			productName = LCDouNiu;
			productReference = 5085BF341D7455FB00ED5BC6 /* LCDouNiu.app */;
			productType = "com.apple.product-type.application";
		};
		5085BF4C1D7455FB00ED5BC6 /* LCDouNiuTests */ = {
			isa = PBXNativeTarget;
			buildConfigurationList = 5085BF641D7455FB00ED5BC6 /* Build configuration list for PBXNativeTarget "LCDouNiuTests" */;
			buildPhases = (
				5085BF491D7455FB00ED5BC6 /* Sources */,
				5085BF4A1D7455FB00ED5BC6 /* Frameworks */,
				5085BF4B1D7455FB00ED5BC6 /* Resources */,
			);
			buildRules = (
			);
			dependencies = (
				5085BF4F1D7455FB00ED5BC6 /* PBXTargetDependency */,
			);
			name = LCDouNiuTests;
			productName = LCDouNiuTests;
			productReference = 5085BF4D1D7455FB00ED5BC6 /* LCDouNiuTests.xctest */;
			productType = "com.apple.product-type.bundle.unit-test";
		};
		5085BF571D7455FB00ED5BC6 /* LCDouNiuUITests */ = {
			isa = PBXNativeTarget;
			buildConfigurationList = 5085BF671D7455FB00ED5BC6 /* Build configuration list for PBXNativeTarget "LCDouNiuUITests" */;
			buildPhases = (
				5085BF541D7455FB00ED5BC6 /* Sources */,
				5085BF551D7455FB00ED5BC6 /* Frameworks */,
				5085BF561D7455FB00ED5BC6 /* Resources */,
			);
			buildRules = (
			);
			dependencies = (
				5085BF5A1D7455FB00ED5BC6 /* PBXTargetDependency */,
			);
			name = LCDouNiuUITests;
			productName = LCDouNiuUITests;
			productReference = 5085BF581D7455FB00ED5BC6 /* LCDouNiuUITests.xctest */;
			productType = "com.apple.product-type.bundle.ui-testing";
		};
/* End PBXNativeTarget section */

/* Begin PBXProject section */
		5085BF2C1D7455FB00ED5BC6 /* Project object */ = {
			isa = PBXProject;
			attributes = {
				LastUpgradeCheck = 0730;
				ORGANIZATIONNAME = Max;
				TargetAttributes = {
					5085BF331D7455FB00ED5BC6 = {
						CreatedOnToolsVersion = 7.3.1;
					};
					5085BF4C1D7455FB00ED5BC6 = {
						CreatedOnToolsVersion = 7.3.1;
						TestTargetID = 5085BF331D7455FB00ED5BC6;
					};
					5085BF571D7455FB00ED5BC6 = {
						CreatedOnToolsVersion = 7.3.1;
						TestTargetID = 5085BF331D7455FB00ED5BC6;
					};
				};
			};
			buildConfigurationList = 5085BF2F1D7455FB00ED5BC6 /* Build configuration list for PBXProject "LCDouNiu" */;
			compatibilityVersion = "Xcode 3.2";
			developmentRegion = English;
			hasScannedForEncodings = 0;
			knownRegions = (
				en,
				Base,
			);
			mainGroup = 5085BF2B1D7455FB00ED5BC6;
			productRefGroup = 5085BF351D7455FB00ED5BC6 /* Products */;
			projectDirPath = "";
			projectRoot = "";
			targets = (
				5085BF331D7455FB00ED5BC6 /* LCDouNiu */,
				5085BF4C1D7455FB00ED5BC6 /* LCDouNiuTests */,
				5085BF571D7455FB00ED5BC6 /* LCDouNiuUITests */,
			);
		};
/* End PBXProject section */

/* Begin PBXResourcesBuildPhase section */
		5085BF321D7455FB00ED5BC6 /* Resources */ = {
			isa = PBXResourcesBuildPhase;
			buildActionMask = 2147483647;
			files = (
				5045EBF51D967762006FF2AD /* card_large_5@2x.png in Resources */,
				5045EBF81D967762006FF2AD /* card_large_8@2x.png in Resources */,
				5045EBBE1D961D71006FF2AD /* message@2x.png in Resources */,
				5045EBFE1D967762006FF2AD /* card_little_4@2x.png in Resources */,
				5045EBD01D9631DA006FF2AD /* DNShowActivePlayerView.xib in Resources */,
				50AF1A8A1D97A1FE00D7C9BE /* icon_action_toast_peng@2x.png in Resources */,
				5045EBC01D961D71006FF2AD /* middle_click@2x.png in Resources */,
				5085BF471D7455FB00ED5BC6 /* LaunchScreen.storyboard in Resources */,
				5045EB7A1D961AEA006FF2AD /* hu_16@2x.png in Resources */,
				50AF1A891D97A1FE00D7C9BE /* icon_action_toast_pao@2x.png in Resources */,
				5085BF441D7455FB00ED5BC6 /* Assets.xcassets in Resources */,
				5045EB7D1D961AEA006FF2AD /* hu_19@2x.png in Resources */,
				5045EB991D961BE5006FF2AD /* guo_disable@2x.png in Resources */,
				5045EBF61D967762006FF2AD /* card_large_6@2x.png in Resources */,
				5045EBDC1D9651A9006FF2AD /* DNNameView.xib in Resources */,
				5045EBA01D961BE5006FF2AD /* peng_enable@2x.png in Resources */,
				5045EBFC1D967762006FF2AD /* card_little_2@2x.png in Resources */,
				5045EC001D967762006FF2AD /* card_little_6@2x.png in Resources */,
				5045EB9D1D961BE5006FF2AD /* hu_enable@2x.png in Resources */,
				5045EBBC1D961D71006FF2AD /* left_click@2x.png in Resources */,
				50AF1A8C1D97A1FE00D7C9BE /* icon_action_toast_ti@2x.png in Resources */,
				50AF1A8B1D97A1FE00D7C9BE /* icon_action_toast_sao@2x.png in Resources */,
				5045EB801D961AEA006FF2AD /* hu_2@2x.png in Resources */,
				5045EBBB1D961D71006FF2AD /* leave@2x.png in Resources */,
				5045EB7C1D961AEA006FF2AD /* hu_18@2x.png in Resources */,
				5045EBB51D961D71006FF2AD /* card_bg@2x.png in Resources */,
				5045EB9E1D961BE5006FF2AD /* peng_click@2x.png in Resources */,
				5045EBC31D961D71006FF2AD /* setting@2x.png in Resources */,
				5045EB961D961BE5006FF2AD /* chi_disable@2x.png in Resources */,
				5045EBFB1D967762006FF2AD /* card_little_1@2x.png in Resources */,
				5045EB7E1D961AEA006FF2AD /* hu_1@2x.png in Resources */,
				5045EC021D967762006FF2AD /* card_little_8@2x.png in Resources */,
				04F42E691D96E2A8005A483D /* show_arrow_up@2x.png in Resources */,
				5045EC011D967762006FF2AD /* card_little_7@2x.png in Resources */,
				5045EBB61D961D71006FF2AD /* card_box@2x.png in Resources */,
				5045EBD71D964E52006FF2AD /* bg_face_circle@2x.png in Resources */,
				5045EBD51D964AED006FF2AD /* test_header@2x.png in Resources */,
				5045EC061D9678C5006FF2AD /* card_backGround@2x.png in Resources */,
				5045EB781D961AEA006FF2AD /* hu_14@2x.png in Resources */,
				5045EB761D961AEA006FF2AD /* hu_12@2x.png in Resources */,
				5045EBCB1D9624F4006FF2AD /* DNMenuView.xib in Resources */,
				5045EB9B1D961BE5006FF2AD /* hu_click@2x.png in Resources */,
				5045EB871D961AEA006FF2AD /* hu_9@2x.png in Resources */,
				5045EBF21D967762006FF2AD /* card_large_2@2x.png in Resources */,
				5045EC031D967762006FF2AD /* card_little_9@2x.png in Resources */,
				5045EBC11D961D71006FF2AD /* rectangle@2x.png in Resources */,
				50AF1A871D97A1FE00D7C9BE /* icon_action_toast_chi@2x.png in Resources */,
				5045EBF31D967762006FF2AD /* card_large_3@2x.png in Resources */,
				5098FC201D9260A7007AF211 /* LICENSE in Resources */,
				5045EB851D961AEA006FF2AD /* hu_7@2x.png in Resources */,
				5045EBF71D967762006FF2AD /* card_large_7@2x.png in Resources */,
				04F42E681D96E2A8005A483D /* show_arrow_left@2x.png in Resources */,
				5045EBF91D967762006FF2AD /* card_large_9@2x.png in Resources */,
				5045EBFF1D967762006FF2AD /* card_little_5@2x.png in Resources */,
				5045EB861D961AEA006FF2AD /* hu_8@2x.png in Resources */,
				5045EB7B1D961AEA006FF2AD /* hu_17@2x.png in Resources */,
				5045EBB41D961D71006FF2AD /* banker@2x.png in Resources */,
				5045EB831D961AEA006FF2AD /* hu_5@2x.png in Resources */,
				5045EB741D961AEA006FF2AD /* hu_10@2x.png in Resources */,
				5045EBBA1D961D71006FF2AD /* game_bg@2x.png in Resources */,
				04F42E671D96E2A8005A483D /* show_arrow_down@2x.png in Resources */,
				5045EBFA1D967762006FF2AD /* card_large_10@2x.png in Resources */,
				5045EB821D961AEA006FF2AD /* hu_4@2x.png in Resources */,
				5045EBB81D961D71006FF2AD /* card_yellow_bg@2x.png in Resources */,
				5045EBF11D967762006FF2AD /* card_large_1@2x.png in Resources */,
				5045EBC41D961D71006FF2AD /* show_arrow@2x.png in Resources */,
				50AF1A941D97C64300D7C9BE /* icon_glod@2x.png in Resources */,
				5045EBBD1D961D71006FF2AD /* line@2x.png in Resources */,
				5045EBC51D961D71006FF2AD /* voice@2x.png in Resources */,
				5085BF421D7455FB00ED5BC6 /* Main.storyboard in Resources */,
				5045EBF41D967762006FF2AD /* card_large_4@2x.png in Resources */,
				5045EBC21D961D71006FF2AD /* right_click@2x.png in Resources */,
				5045EB981D961BE5006FF2AD /* guo_click@2x.png in Resources */,
				5045EB791D961AEA006FF2AD /* hu_15@2x.png in Resources */,
				5045EB7F1D961AEA006FF2AD /* hu_20@2x.png in Resources */,
				5045EB811D961AEA006FF2AD /* hu_3@2x.png in Resources */,
				5045EB9F1D961BE5006FF2AD /* peng_disable@2x.png in Resources */,
				5045EC081D967C9B006FF2AD /* bg_zipai_noshadow@2x.png in Resources */,
				5045EBB71D961D71006FF2AD /* card_green_bg@2x.png in Resources */,
				5045EB9A1D961BE5006FF2AD /* guo_enable@2x.png in Resources */,
				5045EB771D961AEA006FF2AD /* hu_13@2x.png in Resources */,
				5045EB971D961BE5006FF2AD /* chi_enable@2x.png in Resources */,
				5045EBFD1D967762006FF2AD /* card_little_3@2x.png in Resources */,
				5045EB841D961AEA006FF2AD /* hu_6@2x.png in Resources */,
				5045EB751D961AEA006FF2AD /* hu_11@2x.png in Resources */,
				5045EB9C1D961BE5006FF2AD /* hu_disable@2x.png in Resources */,
				5045EB951D961BE5006FF2AD /* chi_click@2x.png in Resources */,
				50AF1A881D97A1FE00D7C9BE /* icon_action_toast_kan@2x.png in Resources */,
				5045EC041D967762006FF2AD /* card_little_10@2x.png in Resources */,
			);
			runOnlyForDeploymentPostprocessing = 0;
		};
		5085BF4B1D7455FB00ED5BC6 /* Resources */ = {
			isa = PBXResourcesBuildPhase;
			buildActionMask = 2147483647;
			files = (
			);
			runOnlyForDeploymentPostprocessing = 0;
		};
		5085BF561D7455FB00ED5BC6 /* Resources */ = {
			isa = PBXResourcesBuildPhase;
			buildActionMask = 2147483647;
			files = (
			);
			runOnlyForDeploymentPostprocessing = 0;
		};
/* End PBXResourcesBuildPhase section */

/* Begin PBXSourcesBuildPhase section */
		5085BF301D7455FB00ED5BC6 /* Sources */ = {
			isa = PBXSourcesBuildPhase;
			buildActionMask = 2147483647;
			files = (
				5098FC261D9260A7007AF211 /* MASViewConstraint.m in Sources */,
				5085BF711D7461B900ED5BC6 /* DNPlayer.m in Sources */,
				5098FC2B1D9260A7007AF211 /* README.md in Sources */,
				5045EBC91D962435006FF2AD /* DNMenuView.m in Sources */,
				5098FC251D9260A7007AF211 /* MASViewAttribute.m in Sources */,
				5045EBDA1D96519B006FF2AD /* DNNameView.m in Sources */,
				502A273B1D912F7500473F23 /* DNPlayingCardView.m in Sources */,
				502A27381D912E3400473F23 /* DNDeck.m in Sources */,
				5085BF741D7461E600ED5BC6 /* DNCardGroup.m in Sources */,
				50AF1A971D97C95400D7C9BE /* DNPortraitLargePlayingCardView.m in Sources */,
				5098FC211D9260A7007AF211 /* MASCompositeConstraint.m in Sources */,
				5098FC231D9260A7007AF211 /* MASConstraintMaker.m in Sources */,
				5098FC291D9260A7007AF211 /* View+MASAdditions.m in Sources */,
				5098FC241D9260A7007AF211 /* MASLayoutConstraint.m in Sources */,
				5098FC2A1D9260A7007AF211 /* ViewController+MASAdditions.m in Sources */,
				5098FC221D9260A7007AF211 /* MASConstraint.m in Sources */,
				5085BF3F1D7455FB00ED5BC6 /* ViewController.m in Sources */,
				5085BF3C1D7455FB00ED5BC6 /* AppDelegate.m in Sources */,
				5045EBD31D963E1D006FF2AD /* DNHeadView.m in Sources */,
				50AF1A9A1D97D1DC00D7C9BE /* DNLandScapeLargePlayingCardView.m in Sources */,
				5098FC271D9260A7007AF211 /* NSArray+MASAdditions.m in Sources */,
				5098FC281D9260A7007AF211 /* NSLayoutConstraint+MASDebugAdditions.m in Sources */,
				5045EBCE1D9631CF006FF2AD /* DNShowActivePlayerView.m in Sources */,
				5085BF6E1D74566A00ED5BC6 /* DNPlayingCard.m in Sources */,
				502A273E1D91302F00473F23 /* DNGame.m in Sources */,
				5085BF391D7455FB00ED5BC6 /* main.m in Sources */,
			);
			runOnlyForDeploymentPostprocessing = 0;
		};
		5085BF491D7455FB00ED5BC6 /* Sources */ = {
			isa = PBXSourcesBuildPhase;
			buildActionMask = 2147483647;
			files = (
				5085BF521D7455FB00ED5BC6 /* LCDouNiuTests.m in Sources */,
			);
			runOnlyForDeploymentPostprocessing = 0;
		};
		5085BF541D7455FB00ED5BC6 /* Sources */ = {
			isa = PBXSourcesBuildPhase;
			buildActionMask = 2147483647;
			files = (
				5085BF5D1D7455FB00ED5BC6 /* LCDouNiuUITests.m in Sources */,
			);
			runOnlyForDeploymentPostprocessing = 0;
		};
/* End PBXSourcesBuildPhase section */

/* Begin PBXTargetDependency section */
		5085BF4F1D7455FB00ED5BC6 /* PBXTargetDependency */ = {
			isa = PBXTargetDependency;
			target = 5085BF331D7455FB00ED5BC6 /* LCDouNiu */;
			targetProxy = 5085BF4E1D7455FB00ED5BC6 /* PBXContainerItemProxy */;
		};
		5085BF5A1D7455FB00ED5BC6 /* PBXTargetDependency */ = {
			isa = PBXTargetDependency;
			target = 5085BF331D7455FB00ED5BC6 /* LCDouNiu */;
			targetProxy = 5085BF591D7455FB00ED5BC6 /* PBXContainerItemProxy */;
		};
/* End PBXTargetDependency section */

/* Begin PBXVariantGroup section */
		5085BF401D7455FB00ED5BC6 /* Main.storyboard */ = {
			isa = PBXVariantGroup;
			children = (
				5085BF411D7455FB00ED5BC6 /* Base */,
			);
			name = Main.storyboard;
			sourceTree = "<group>";
		};
		5085BF451D7455FB00ED5BC6 /* LaunchScreen.storyboard */ = {
			isa = PBXVariantGroup;
			children = (
				5085BF461D7455FB00ED5BC6 /* Base */,
			);
			name = LaunchScreen.storyboard;
			sourceTree = "<group>";
		};
/* End PBXVariantGroup section */

/* Begin XCBuildConfiguration section */
		5085BF5F1D7455FB00ED5BC6 /* Debug */ = {
			isa = XCBuildConfiguration;
			buildSettings = {
				ALWAYS_SEARCH_USER_PATHS = NO;
				CLANG_ANALYZER_NONNULL = YES;
				CLANG_CXX_LANGUAGE_STANDARD = "gnu++0x";
				CLANG_CXX_LIBRARY = "libc++";
				CLANG_ENABLE_MODULES = YES;
				CLANG_ENABLE_OBJC_ARC = YES;
				CLANG_WARN_BOOL_CONVERSION = YES;
				CLANG_WARN_CONSTANT_CONVERSION = YES;
				CLANG_WARN_DIRECT_OBJC_ISA_USAGE = YES_ERROR;
				CLANG_WARN_EMPTY_BODY = YES;
				CLANG_WARN_ENUM_CONVERSION = YES;
				CLANG_WARN_INT_CONVERSION = YES;
				CLANG_WARN_OBJC_ROOT_CLASS = YES_ERROR;
				CLANG_WARN_UNREACHABLE_CODE = YES;
				CLANG_WARN__DUPLICATE_METHOD_MATCH = YES;
				"CODE_SIGN_IDENTITY[sdk=iphoneos*]" = "iPhone Developer";
				COPY_PHASE_STRIP = NO;
				DEBUG_INFORMATION_FORMAT = dwarf;
				ENABLE_STRICT_OBJC_MSGSEND = YES;
				ENABLE_TESTABILITY = YES;
				GCC_C_LANGUAGE_STANDARD = gnu99;
				GCC_DYNAMIC_NO_PIC = NO;
				GCC_NO_COMMON_BLOCKS = YES;
				GCC_OPTIMIZATION_LEVEL = 0;
				GCC_PREPROCESSOR_DEFINITIONS = (
					"DEBUG=1",
					"$(inherited)",
				);
				GCC_WARN_64_TO_32_BIT_CONVERSION = YES;
				GCC_WARN_ABOUT_RETURN_TYPE = YES_ERROR;
				GCC_WARN_UNDECLARED_SELECTOR = YES;
				GCC_WARN_UNINITIALIZED_AUTOS = YES_AGGRESSIVE;
				GCC_WARN_UNUSED_FUNCTION = YES;
				GCC_WARN_UNUSED_VARIABLE = YES;
				IPHONEOS_DEPLOYMENT_TARGET = 9.3;
				MTL_ENABLE_DEBUG_INFO = YES;
				ONLY_ACTIVE_ARCH = YES;
				SDKROOT = iphoneos;
				TARGETED_DEVICE_FAMILY = "1,2";
			};
			name = Debug;
		};
		5085BF601D7455FB00ED5BC6 /* Release */ = {
			isa = XCBuildConfiguration;
			buildSettings = {
				ALWAYS_SEARCH_USER_PATHS = NO;
				CLANG_ANALYZER_NONNULL = YES;
				CLANG_CXX_LANGUAGE_STANDARD = "gnu++0x";
				CLANG_CXX_LIBRARY = "libc++";
				CLANG_ENABLE_MODULES = YES;
				CLANG_ENABLE_OBJC_ARC = YES;
				CLANG_WARN_BOOL_CONVERSION = YES;
				CLANG_WARN_CONSTANT_CONVERSION = YES;
				CLANG_WARN_DIRECT_OBJC_ISA_USAGE = YES_ERROR;
				CLANG_WARN_EMPTY_BODY = YES;
				CLANG_WARN_ENUM_CONVERSION = YES;
				CLANG_WARN_INT_CONVERSION = YES;
				CLANG_WARN_OBJC_ROOT_CLASS = YES_ERROR;
				CLANG_WARN_UNREACHABLE_CODE = YES;
				CLANG_WARN__DUPLICATE_METHOD_MATCH = YES;
				"CODE_SIGN_IDENTITY[sdk=iphoneos*]" = "iPhone Developer";
				COPY_PHASE_STRIP = NO;
				DEBUG_INFORMATION_FORMAT = "dwarf-with-dsym";
				ENABLE_NS_ASSERTIONS = NO;
				ENABLE_STRICT_OBJC_MSGSEND = YES;
				GCC_C_LANGUAGE_STANDARD = gnu99;
				GCC_NO_COMMON_BLOCKS = YES;
				GCC_WARN_64_TO_32_BIT_CONVERSION = YES;
				GCC_WARN_ABOUT_RETURN_TYPE = YES_ERROR;
				GCC_WARN_UNDECLARED_SELECTOR = YES;
				GCC_WARN_UNINITIALIZED_AUTOS = YES_AGGRESSIVE;
				GCC_WARN_UNUSED_FUNCTION = YES;
				GCC_WARN_UNUSED_VARIABLE = YES;
				IPHONEOS_DEPLOYMENT_TARGET = 9.3;
				MTL_ENABLE_DEBUG_INFO = NO;
				SDKROOT = iphoneos;
				TARGETED_DEVICE_FAMILY = "1,2";
				VALIDATE_PRODUCT = YES;
			};
			name = Release;
		};
		5085BF621D7455FB00ED5BC6 /* Debug */ = {
			isa = XCBuildConfiguration;
			buildSettings = {
				ASSETCATALOG_COMPILER_APPICON_NAME = AppIcon;
				INFOPLIST_FILE = LCDouNiu/Info.plist;
				LD_RUNPATH_SEARCH_PATHS = "$(inherited) @executable_path/Frameworks";
				PRODUCT_BUNDLE_IDENTIFIER = GoodGoodStudy.LCDouNiu;
				PRODUCT_NAME = "$(TARGET_NAME)";
			};
			name = Debug;
		};
		5085BF631D7455FB00ED5BC6 /* Release */ = {
			isa = XCBuildConfiguration;
			buildSettings = {
				ASSETCATALOG_COMPILER_APPICON_NAME = AppIcon;
				INFOPLIST_FILE = LCDouNiu/Info.plist;
				LD_RUNPATH_SEARCH_PATHS = "$(inherited) @executable_path/Frameworks";
				PRODUCT_BUNDLE_IDENTIFIER = GoodGoodStudy.LCDouNiu;
				PRODUCT_NAME = "$(TARGET_NAME)";
			};
			name = Release;
		};
		5085BF651D7455FB00ED5BC6 /* Debug */ = {
			isa = XCBuildConfiguration;
			buildSettings = {
				BUNDLE_LOADER = "$(TEST_HOST)";
				INFOPLIST_FILE = LCDouNiuTests/Info.plist;
				LD_RUNPATH_SEARCH_PATHS = "$(inherited) @executable_path/Frameworks @loader_path/Frameworks";
				PRODUCT_BUNDLE_IDENTIFIER = GoodGoodStudy.LCDouNiuTests;
				PRODUCT_NAME = "$(TARGET_NAME)";
				TEST_HOST = "$(BUILT_PRODUCTS_DIR)/LCDouNiu.app/LCDouNiu";
			};
			name = Debug;
		};
		5085BF661D7455FB00ED5BC6 /* Release */ = {
			isa = XCBuildConfiguration;
			buildSettings = {
				BUNDLE_LOADER = "$(TEST_HOST)";
				INFOPLIST_FILE = LCDouNiuTests/Info.plist;
				LD_RUNPATH_SEARCH_PATHS = "$(inherited) @executable_path/Frameworks @loader_path/Frameworks";
				PRODUCT_BUNDLE_IDENTIFIER = GoodGoodStudy.LCDouNiuTests;
				PRODUCT_NAME = "$(TARGET_NAME)";
				TEST_HOST = "$(BUILT_PRODUCTS_DIR)/LCDouNiu.app/LCDouNiu";
			};
			name = Release;
		};
		5085BF681D7455FB00ED5BC6 /* Debug */ = {
			isa = XCBuildConfiguration;
			buildSettings = {
				INFOPLIST_FILE = LCDouNiuUITests/Info.plist;
				LD_RUNPATH_SEARCH_PATHS = "$(inherited) @executable_path/Frameworks @loader_path/Frameworks";
				PRODUCT_BUNDLE_IDENTIFIER = GoodGoodStudy.LCDouNiuUITests;
				PRODUCT_NAME = "$(TARGET_NAME)";
				TEST_TARGET_NAME = LCDouNiu;
			};
			name = Debug;
		};
		5085BF691D7455FB00ED5BC6 /* Release */ = {
			isa = XCBuildConfiguration;
			buildSettings = {
				INFOPLIST_FILE = LCDouNiuUITests/Info.plist;
				LD_RUNPATH_SEARCH_PATHS = "$(inherited) @executable_path/Frameworks @loader_path/Frameworks";
				PRODUCT_BUNDLE_IDENTIFIER = GoodGoodStudy.LCDouNiuUITests;
				PRODUCT_NAME = "$(TARGET_NAME)";
				TEST_TARGET_NAME = LCDouNiu;
			};
			name = Release;
		};
/* End XCBuildConfiguration section */

/* Begin XCConfigurationList section */
		5085BF2F1D7455FB00ED5BC6 /* Build configuration list for PBXProject "LCDouNiu" */ = {
			isa = XCConfigurationList;
			buildConfigurations = (
				5085BF5F1D7455FB00ED5BC6 /* Debug */,
				5085BF601D7455FB00ED5BC6 /* Release */,
			);
			defaultConfigurationIsVisible = 0;
			defaultConfigurationName = Release;
		};
		5085BF611D7455FB00ED5BC6 /* Build configuration list for PBXNativeTarget "LCDouNiu" */ = {
			isa = XCConfigurationList;
			buildConfigurations = (
				5085BF621D7455FB00ED5BC6 /* Debug */,
				5085BF631D7455FB00ED5BC6 /* Release */,
			);
			defaultConfigurationIsVisible = 0;
			defaultConfigurationName = Release;
		};
		5085BF641D7455FB00ED5BC6 /* Build configuration list for PBXNativeTarget "LCDouNiuTests" */ = {
			isa = XCConfigurationList;
			buildConfigurations = (
				5085BF651D7455FB00ED5BC6 /* Debug */,
				5085BF661D7455FB00ED5BC6 /* Release */,
			);
			defaultConfigurationIsVisible = 0;
			defaultConfigurationName = Release;
		};
		5085BF671D7455FB00ED5BC6 /* Build configuration list for PBXNativeTarget "LCDouNiuUITests" */ = {
			isa = XCConfigurationList;
			buildConfigurations = (
				5085BF681D7455FB00ED5BC6 /* Debug */,
				5085BF691D7455FB00ED5BC6 /* Release */,
			);
			defaultConfigurationIsVisible = 0;
			defaultConfigurationName = Release;
		};
/* End XCConfigurationList section */
	};
	rootObject = 5085BF2C1D7455FB00ED5BC6 /* Project object */;
}
